<?xml version="1.0" encoding="UTF-8"?>
<CONFIG>
  <ProjectOptions>
    <Version Value="12"/>
    <PathDelim Value="\"/>
    <General>
      <Flags>
        <LRSInOutputDirectory Value="False"/>
        <CompatibilityMode Value="True"/>
      </Flags>
    </General>
    <BuildModes Count="1">
      <Item1 Name="default" Default="True"/>
      <SessionMatrixOptions Count="1">
        <Item1 ID="194883893537" Modes="default" Value="-gw2"/>
      </SessionMatrixOptions>
    </BuildModes>
    <PublishOptions>
      <Version Value="2"/>
    </PublishOptions>
    <RunParams>
      <local>
        <LaunchingApplication PathPlusParams="/usr/X11R6/bin/xterm -T &apos;Lazarus Run Output&apos; -e $(LazarusDir)/tools/runwait.sh $(TargetCmdLine)"/>
      </local>
      <FormatVersion Value="2"/>
      <Modes Count="1">
        <Mode0 Name="default">
          <local>
            <LaunchingApplication PathPlusParams="/usr/X11R6/bin/xterm -T &apos;Lazarus Run Output&apos; -e $(LazarusDir)/tools/runwait.sh $(TargetCmdLine)"/>
          </local>
        </Mode0>
      </Modes>
    </RunParams>
    <RequiredPackages Count="3">
      <Item1>
        <PackageName Value="LCL"/>
      </Item1>
      <Item2>
        <PackageName Value="MultiDocPackage"/>
        <MinVersion Valid="True"/>
      </Item2>
      <Item3>
        <PackageName Value="LMDI"/>
        <MinVersion Minor="1" Valid="True"/>
      </Item3>
    </RequiredPackages>
    <Units Count="16">
      <Unit0>
        <Filename Value="demomultidoc.lpr"/>
        <IsPartOfProject Value="True"/>
        <CursorPos X="13" Y="5"/>
        <UsageCount Value="29"/>
      </Unit0>
      <Unit1>
        <Filename Value="demomultidoc1.pas"/>
        <IsPartOfProject Value="True"/>
        <ComponentName Value="Form1"/>
        <HasResources Value="True"/>
        <ResourceBaseClass Value="Form"/>
        <IsVisibleTab Value="True"/>
        <EditorIndex Value="1"/>
        <TopLine Value="85"/>
        <CursorPos X="5" Y="106"/>
        <UsageCount Value="29"/>
        <Bookmarks Count="1">
          <Item0 X="3" Y="95" ID="1"/>
        </Bookmarks>
        <Loaded Value="True"/>
        <LoadedDesigner Value="True"/>
      </Unit1>
      <Unit2>
        <Filename Value="demomultidoc1.lfm"/>
        <CursorPos X="22" Y="8"/>
        <UsageCount Value="10"/>
        <DefaultSyntaxHighlighter Value="LFM"/>
      </Unit2>
      <Unit3>
        <Filename Value="demochild.pas"/>
        <IsPartOfProject Value="True"/>
        <ComponentName Value="frChild"/>
        <HasResources Value="True"/>
        <ResourceBaseClass Value="Form"/>
        <TopLine Value="17"/>
        <CursorPos X="27" Y="19"/>
        <UsageCount Value="29"/>
        <Loaded Value="True"/>
        <LoadedDesigner Value="True"/>
      </Unit3>
      <Unit4>
        <Filename Value="..\..\..\tmdbuttonsbar\mdbuttonsbar.pas"/>
        <UnitName Value="MDButtonsBar"/>
        <CursorPos X="43" Y="5"/>
        <UsageCount Value="10"/>
      </Unit4>
      <Unit5>
        <Filename Value="..\..\..\multidoc\MultiDoc.pas"/>
        <CursorPos X="20" Y="5"/>
        <UsageCount Value="10"/>
      </Unit5>
      <Unit6>
        <Filename Value="..\..\..\multidoc\ChildDoc.pas"/>
        <TopLine Value="354"/>
        <CursorPos X="27" Y="356"/>
        <UsageCount Value="10"/>
      </Unit6>
      <Unit7>
        <Filename Value="..\..\..\multidoc-0.2\MultiDoc.pas"/>
        <TopLine Value="133"/>
        <CursorPos X="29" Y="135"/>
        <UsageCount Value="10"/>
      </Unit7>
      <Unit8>
        <Filename Value="..\..\multidoc.pas"/>
        <UnitName Value="MultiDoc"/>
        <EditorIndex Value="3"/>
        <TopLine Value="59"/>
        <CursorPos X="3" Y="78"/>
        <UsageCount Value="10"/>
        <Loaded Value="True"/>
      </Unit8>
      <Unit9>
        <Filename Value="..\..\childdoc.pas"/>
        <UnitName Value="ChildDoc"/>
        <EditorIndex Value="2"/>
        <TopLine Value="61"/>
        <CursorPos X="3" Y="80"/>
        <UsageCount Value="10"/>
        <Loaded Value="True"/>
      </Unit9>
      <Unit10>
        <Filename Value="..\..\ButtonsBar.pas"/>
        <TopLine Value="21"/>
        <CursorPos X="28" Y="26"/>
        <UsageCount Value="10"/>
      </Unit10>
      <Unit11>
        <Filename Value="..\..\FormPanel.pas"/>
        <TopLine Value="33"/>
        <CursorPos X="24" Y="37"/>
        <UsageCount Value="10"/>
      </Unit11>
      <Unit12>
        <Filename Value="..\..\TitleBar.pas"/>
        <TopLine Value="21"/>
        <CursorPos X="27" Y="26"/>
        <UsageCount Value="10"/>
      </Unit12>
      <Unit13>
        <Filename Value="..\..\..\LMDI\formpanel.pas"/>
        <TopLine Value="100"/>
        <CursorPos X="22" Y="112"/>
        <UsageCount Value="10"/>
      </Unit13>
      <Unit14>
        <Filename Value="..\..\..\LMDI\titlebar.pas"/>
        <TopLine Value="88"/>
        <CursorPos X="3" Y="86"/>
        <UsageCount Value="10"/>
      </Unit14>
      <Unit15>
        <Filename Value="..\..\..\LMDI\buttonsbar.pas"/>
        <TopLine Value="133"/>
        <CursorPos X="3" Y="118"/>
        <UsageCount Value="10"/>
      </Unit15>
    </Units>
    <JumpHistory Count="30" HistoryIndex="29">
      <Position1>
        <Filename Value="demomultidoc1.pas"/>
        <Caret Line="131" TopLine="112"/>
      </Position1>
      <Position2>
        <Filename Value="demomultidoc1.pas"/>
        <Caret Line="133" Column="29" TopLine="110"/>
      </Position2>
      <Position3>
        <Filename Value="demomultidoc1.pas"/>
        <Caret Line="104" Column="51" TopLine="86"/>
      </Position3>
      <Position4>
        <Filename Value="demomultidoc1.pas"/>
        <Caret Line="13" Column="35" TopLine="13"/>
      </Position4>
      <Position5>
        <Filename Value="demomultidoc1.pas"/>
      </Position5>
      <Position6>
        <Filename Value="demomultidoc1.pas"/>
        <Caret Line="32" Column="12"/>
      </Position6>
      <Position7>
        <Filename Value="demomultidoc1.pas"/>
        <Caret Line="46" Column="22" TopLine="14"/>
      </Position7>
      <Position8>
        <Filename Value="demomultidoc1.pas"/>
        <Caret Line="145" Column="25" TopLine="113"/>
      </Position8>
      <Position9>
        <Filename Value="demomultidoc1.pas"/>
        <Caret Line="147" Column="20" TopLine="115"/>
      </Position9>
      <Position10>
        <Filename Value="demomultidoc1.pas"/>
        <Caret Line="46" Column="21" TopLine="19"/>
      </Position10>
      <Position11>
        <Filename Value="demomultidoc1.pas"/>
        <Caret Line="164" Column="61" TopLine="139"/>
      </Position11>
      <Position12>
        <Filename Value="demomultidoc1.pas"/>
        <Caret Line="147" TopLine="139"/>
      </Position12>
      <Position13>
        <Filename Value="..\..\multidoc.pas"/>
        <Caret Line="441" TopLine="422"/>
      </Position13>
      <Position14>
        <Filename Value="..\..\multidoc.pas"/>
        <Caret Line="442" TopLine="422"/>
      </Position14>
      <Position15>
        <Filename Value="..\..\multidoc.pas"/>
        <Caret Line="443" TopLine="422"/>
      </Position15>
      <Position16>
        <Filename Value="..\..\multidoc.pas"/>
        <Caret Line="445" TopLine="422"/>
      </Position16>
      <Position17>
        <Filename Value="..\..\multidoc.pas"/>
        <Caret Line="446" TopLine="422"/>
      </Position17>
      <Position18>
        <Filename Value="..\..\multidoc.pas"/>
        <Caret Line="447" TopLine="422"/>
      </Position18>
      <Position19>
        <Filename Value="demomultidoc1.pas"/>
        <Caret Line="147" TopLine="139"/>
      </Position19>
      <Position20>
        <Filename Value="demomultidoc1.pas"/>
        <Caret Line="83" Column="3" TopLine="83"/>
      </Position20>
      <Position21>
        <Filename Value="demomultidoc1.pas"/>
      </Position21>
      <Position22>
        <Filename Value="demomultidoc1.pas"/>
        <Caret Line="32" Column="13"/>
      </Position22>
      <Position23>
        <Filename Value="demomultidoc1.pas"/>
        <Caret Line="46" Column="23" TopLine="14"/>
      </Position23>
      <Position24>
        <Filename Value="demomultidoc1.pas"/>
        <Caret Line="147" Column="3" TopLine="139"/>
      </Position24>
      <Position25>
        <Filename Value="..\..\multidoc.pas"/>
        <Caret Line="131" Column="15" TopLine="113"/>
      </Position25>
      <Position26>
        <Filename Value="..\..\multidoc.pas"/>
        <Caret Line="442" Column="3" TopLine="436"/>
      </Position26>
      <Position27>
        <Filename Value="..\..\multidoc.pas"/>
        <Caret Line="108" Column="5" TopLine="89"/>
      </Position27>
      <Position28>
        <Filename Value="..\..\multidoc.pas"/>
        <Caret Line="78" Column="3" TopLine="59"/>
      </Position28>
      <Position29>
        <Filename Value="demochild.pas"/>
        <Caret Line="19" Column="27" TopLine="17"/>
      </Position29>
      <Position30>
        <Filename Value="demomultidoc1.pas"/>
        <Caret Line="116" Column="6" TopLine="78"/>
      </Position30>
    </JumpHistory>
  </ProjectOptions>
  <CompilerOptions>
    <Version Value="11"/>
    <PathDelim Value="\"/>
    <SearchPaths>
      <SrcPath Value="$(LazarusDir)\lcl;$(LazarusDir)\lcl\interfaces\$(LCLWidgetType)"/>
    </SearchPaths>
    <Parsing>
      <SyntaxOptions>
        <UseAnsiStrings Value="False"/>
      </SyntaxOptions>
    </Parsing>
    <Linking>
      <Debugging>
        <DebugInfoType Value="dsDwarf2Set"/>
      </Debugging>
      <Options>
        <Win32>
          <GraphicApplication Value="True"/>
        </Win32>
      </Options>
    </Linking>
  </CompilerOptions>
  <Debugging>
    <BreakPoints Count="3">
      <Item1>
        <Kind Value="bpkSource"/>
        <WatchScope Value="wpsGlobal"/>
        <WatchKind Value="wpkWrite"/>
        <Source Value="D:\appli\lazarus\components\multidoc\MultiDoc.pas"/>
        <Line Value="265"/>
      </Item1>
      <Item2>
        <Kind Value="bpkSource"/>
        <WatchScope Value="wpsGlobal"/>
        <WatchKind Value="wpkWrite"/>
        <Source Value="D:\appli\lazarus\components\multidoc\MultiDoc.pas"/>
        <Line Value="288"/>
      </Item2>
      <Item3>
        <Kind Value="bpkSource"/>
        <WatchScope Value="wpsLocal"/>
        <WatchKind Value="wpkWrite"/>
        <Source Value="demomultidoc1.pas"/>
        <Line Value="166"/>
      </Item3>
    </BreakPoints>
    <Exceptions Count="2">
      <Item1>
        <Name Value="ECodetoolError"/>
      </Item1>
      <Item2>
        <Name Value="EFOpenError"/>
      </Item2>
    </Exceptions>
  </Debugging>
</CONFIG>
