<?xml version="1.0" encoding="UTF-8"?>
<CONFIG>
  <ProjectOptions>
    <Version Value="12"/>
    <General>
      <Flags>
        <LRSInOutputDirectory Value="False"/>
        <CompatibilityMode Value="True"/>
      </Flags>
      <Title Value="MyDbf Studio"/>
      <Scaled Value="True"/>
      <ResourceType Value="res"/>
      <UseXPManifest Value="True"/>
      <XPManifest>
        <DpiAware Value="True"/>
      </XPManifest>
      <Icon Value="0"/>
      <Resources Count="1">
        <Resource_0 FileName="img\splash.png" Type="RCDATA" ResourceName="SPLASH"/>
      </Resources>
    </General>
    <VersionInfo>
      <UseVersionInfo Value="True"/>
      <MinorVersionNr Value="5"/>
      <RevisionNr Value="1"/>
      <StringTable FileDescription="Administrative tool for Dbf and Paradox Tables." LegalCopyright="Calogiuri Enzo Antonio" ProductName="MyDbf Studio"/>
    </VersionInfo>
    <BuildModes Count="1">
      <Item1 Name="default" Default="True"/>
    </BuildModes>
    <PublishOptions>
      <Version Value="2"/>
    </PublishOptions>
    <RunParams>
      <local>
        <LaunchingApplication PathPlusParams="/usr/X11R6/bin/xterm -T &apos;Lazarus Run Output&apos; -e $(LazarusDir)/tools/runwait.sh $(TargetCmdLine)"/>
      </local>
      <FormatVersion Value="2"/>
      <Modes Count="1">
        <Mode0 Name="default">
          <local>
            <LaunchingApplication PathPlusParams="/usr/X11R6/bin/xterm -T &apos;Lazarus Run Output&apos; -e $(LazarusDir)/tools/runwait.sh $(TargetCmdLine)"/>
          </local>
        </Mode0>
      </Modes>
    </RunParams>
    <RequiredPackages Count="3">
      <Item1>
        <PackageName Value="FCL"/>
        <MinVersion Major="1" Valid="True"/>
      </Item1>
      <Item2>
        <PackageName Value="DBFLaz"/>
        <MinVersion Minor="1" Release="1" Valid="True"/>
      </Item2>
      <Item3>
        <PackageName Value="LCL"/>
      </Item3>
    </RequiredPackages>
    <Units Count="121">
      <Unit0>
        <Filename Value="DbfStudio.lpr"/>
        <IsPartOfProject Value="True"/>
        <CursorPos X="38" Y="17"/>
        <UsageCount Value="169"/>
        <Loaded Value="True"/>
        <LoadedDesigner Value="True"/>
      </Unit0>
      <Unit1>
        <Filename Value="umain.pas"/>
        <IsPartOfProject Value="True"/>
        <ComponentName Value="Main"/>
        <HasResources Value="True"/>
        <ResourceBaseClass Value="Form"/>
        <UnitName Value="uMain"/>
        <EditorIndex Value="7"/>
        <TopLine Value="814"/>
        <CursorPos Y="835"/>
        <UsageCount Value="169"/>
        <Loaded Value="True"/>
        <LoadedDesigner Value="True"/>
      </Unit1>
      <Unit2>
        <Filename Value="udbftable.pas"/>
        <IsPartOfProject Value="True"/>
        <ComponentName Value="DbfTable"/>
        <HasResources Value="True"/>
        <ResourceBaseClass Value="Form"/>
        <UnitName Value="uDbfTable"/>
        <EditorIndex Value="5"/>
        <TopLine Value="198"/>
        <CursorPos Y="218"/>
        <UsageCount Value="169"/>
        <Loaded Value="True"/>
        <LoadedDesigner Value="True"/>
      </Unit2>
      <Unit3>
        <Filename Value="C:/lazarus/components/LMDI/buttonsbar.pas"/>
        <TopLine Value="547"/>
        <CursorPos X="58" Y="572"/>
        <UsageCount Value="6"/>
      </Unit3>
      <Unit4>
        <Filename Value="C:/lazarus/components/multidoc-0.3/multidoc.pas"/>
        <UnitName Value="MultiDoc"/>
        <TopLine Value="244"/>
        <CursorPos X="35" Y="263"/>
        <UsageCount Value="7"/>
      </Unit4>
      <Unit5>
        <Filename Value="C:/lazarus/components/multidoc-0.3/childdoc.pas"/>
        <UnitName Value="ChildDoc"/>
        <TopLine Value="52"/>
        <CursorPos X="14" Y="116"/>
        <UsageCount Value="7"/>
      </Unit5>
      <Unit6>
        <Filename Value="C:/lazarus/components/LMDI/formpanel.pas"/>
        <TopLine Value="573"/>
        <CursorPos X="51" Y="592"/>
        <UsageCount Value="6"/>
      </Unit6>
      <Unit7>
        <Filename Value="C:/lazarus/components/LMDI/titlebar.pas"/>
        <TopLine Value="100"/>
        <CursorPos X="3" Y="86"/>
        <UsageCount Value="6"/>
      </Unit7>
      <Unit8>
        <Filename Value="C:/lazarus/lcl/include/control.inc"/>
        <TopLine Value="2562"/>
        <CursorPos Y="2581"/>
        <UsageCount Value="6"/>
      </Unit8>
      <Unit9>
        <Filename Value="C:/lazarus/fpc/2.2.4/source/rtl/inc/systemh.inc"/>
        <TopLine Value="570"/>
        <CursorPos X="11" Y="589"/>
        <UsageCount Value="8"/>
      </Unit9>
      <Unit10>
        <Filename Value="C:/lazarus/lcl/include/customform.inc"/>
        <TopLine Value="306"/>
        <CursorPos Y="325"/>
        <UsageCount Value="6"/>
      </Unit10>
      <Unit11>
        <Filename Value="C:/lazarus/lcl/forms.pp"/>
        <UnitName Value="Forms"/>
        <TopLine Value="356"/>
        <CursorPos X="84" Y="375"/>
        <UsageCount Value="6"/>
      </Unit11>
      <Unit12>
        <Filename Value="C:/lazarus/lcl/extctrls.pp"/>
        <UnitName Value="ExtCtrls"/>
        <TopLine Value="1112"/>
        <CursorPos X="16" Y="1131"/>
        <UsageCount Value="6"/>
      </Unit12>
      <Unit13>
        <Filename Value="C:/lazarus/lcl/controls.pp"/>
        <UnitName Value="Controls"/>
        <TopLine Value="267"/>
        <CursorPos X="34" Y="274"/>
        <UsageCount Value="9"/>
      </Unit13>
      <Unit14>
        <Filename Value="C:/lazarus/fpc/2.2.4/source/rtl/objpas/classes/classesh.inc"/>
        <TopLine Value="101"/>
        <CursorPos X="3" Y="120"/>
        <UsageCount Value="8"/>
      </Unit14>
      <Unit15>
        <Filename Value="C:/lazarus/lcl/dialogs.pp"/>
        <UnitName Value="Dialogs"/>
        <TopLine Value="19"/>
        <CursorPos X="48" Y="38"/>
        <UsageCount Value="6"/>
      </Unit15>
      <Unit16>
        <Filename Value="urestructure.pas"/>
        <IsPartOfProject Value="True"/>
        <ComponentName Value="Restructure"/>
        <HasResources Value="True"/>
        <ResourceBaseClass Value="Form"/>
        <UnitName Value="uRestructure"/>
        <IsVisibleTab Value="True"/>
        <EditorIndex Value="9"/>
        <TopLine Value="528"/>
        <CursorPos X="48" Y="541"/>
        <UsageCount Value="159"/>
        <Loaded Value="True"/>
        <LoadedDesigner Value="True"/>
      </Unit16>
      <Unit17>
        <Filename Value="C:/lazarus/fpc/2.2.4/source/packages/fcl-db/src/dbase/dbf.pas"/>
        <TopLine Value="2209"/>
        <CursorPos X="23" Y="2237"/>
        <UsageCount Value="7"/>
      </Unit17>
      <Unit18>
        <Filename Value="C:/lazarus/fpc/2.2.4/source/packages/fcl-db/src/dbase/dbf_dbffile.pas"/>
        <TopLine Value="2125"/>
        <CursorPos X="29" Y="2138"/>
        <UsageCount Value="6"/>
      </Unit18>
      <Unit19>
        <Filename Value="C:/lazarus/fpc/2.2.4/source/packages/fcl-db/src/base/db.pas"/>
        <TopLine Value="1795"/>
        <CursorPos X="3" Y="1814"/>
        <UsageCount Value="8"/>
      </Unit19>
      <Unit20>
        <Filename Value="C:/lazarus/fpc/2.2.4/source/packages/fcl-db/src/base/fields.inc"/>
        <TopLine Value="134"/>
        <CursorPos Y="134"/>
        <UsageCount Value="6"/>
      </Unit20>
      <Unit21>
        <Filename Value="C:/lazarus/fpc/2.2.4/source/packages/fcl-db/src/base/dsparams.inc"/>
        <TopLine Value="1012"/>
        <CursorPos Y="1049"/>
        <UsageCount Value="6"/>
      </Unit21>
      <Unit22>
        <Filename Value="C:/lazarus/fpc/2.2.4/source/rtl/objpas/fmtbcd.pp"/>
        <UnitName Value="FmtBCD"/>
        <TopLine Value="1657"/>
        <CursorPos X="27" Y="1676"/>
        <UsageCount Value="6"/>
      </Unit22>
      <Unit23>
        <Filename Value="C:/lazarus/fpc/2.2.4/source/packages/fcl-db/src/base/database.inc"/>
        <UsageCount Value="6"/>
      </Unit23>
      <Unit24>
        <Filename Value="C:/lazarus/fpc/2.2.4/source/packages/fcl-db/src/base/dbconst.pas"/>
        <TopLine Value="75"/>
        <CursorPos X="34" Y="112"/>
        <UsageCount Value="6"/>
      </Unit24>
      <Unit25>
        <Filename Value="C:/lazarus/fpc/2.2.4/source/rtl/objpas/typinfo.pp"/>
        <TopLine Value="173"/>
        <CursorPos X="49" Y="192"/>
        <UsageCount Value="6"/>
      </Unit25>
      <Unit26>
        <Filename Value="C:/lazarus/fpc/2.2.4/source/packages/fcl-db/src/dbase/dbf_str.pas"/>
        <UsageCount Value="6"/>
      </Unit26>
      <Unit27>
        <Filename Value="C:/lazarus/fpc/2.2.4/source/packages/fcl-db/src/dbase/dbf_common.pas"/>
        <TopLine Value="235"/>
        <UsageCount Value="6"/>
      </Unit27>
      <Unit28>
        <Filename Value="C:/lazarus/fpc/2.2.4/source/packages/fcl-db/src/dbase/dbf_fields.pas"/>
        <TopLine Value="53"/>
        <CursorPos X="14" Y="72"/>
        <UsageCount Value="6"/>
      </Unit28>
      <Unit29>
        <Filename Value="C:/lazarus/lcl/grids.pas"/>
        <UnitName Value="Grids"/>
        <TopLine Value="7365"/>
        <CursorPos Y="7384"/>
        <UsageCount Value="6"/>
      </Unit29>
      <Unit30>
        <Filename Value="uidxtable.pas"/>
        <IsPartOfProject Value="True"/>
        <ComponentName Value="IdxTable"/>
        <HasResources Value="True"/>
        <ResourceBaseClass Value="Form"/>
        <UnitName Value="uIdxTable"/>
        <EditorIndex Value="-1"/>
        <TopLine Value="36"/>
        <CursorPos X="50" Y="65"/>
        <UsageCount Value="151"/>
      </Unit30>
      <Unit31>
        <Filename Value="C:/lazarus/fpc/2.2.4/source/packages/fcl-db/src/base/dataset.inc"/>
        <TopLine Value="1894"/>
        <CursorPos X="55" Y="1931"/>
        <UsageCount Value="6"/>
      </Unit31>
      <Unit32>
        <Filename Value="C:/lazarus/fpc/2.2.4/source/packages/fcl-db/src/dbase/dbf_idxfile.pas"/>
        <TopLine Value="2202"/>
        <CursorPos X="8" Y="2221"/>
        <UsageCount Value="6"/>
      </Unit32>
      <Unit33>
        <Filename Value="unewtable.pas"/>
        <IsPartOfProject Value="True"/>
        <ComponentName Value="NewTable"/>
        <HasResources Value="True"/>
        <ResourceBaseClass Value="Form"/>
        <UnitName Value="uNewTable"/>
        <EditorIndex Value="-1"/>
        <TopLine Value="297"/>
        <CursorPos X="68" Y="319"/>
        <UsageCount Value="147"/>
      </Unit33>
      <Unit34>
        <Filename Value="usetfv.pas"/>
        <IsPartOfProject Value="True"/>
        <ComponentName Value="SetFV"/>
        <HasResources Value="True"/>
        <ResourceBaseClass Value="Form"/>
        <UnitName Value="uSetFV"/>
        <EditorIndex Value="10"/>
        <TopLine Value="159"/>
        <CursorPos X="49" Y="170"/>
        <UsageCount Value="123"/>
        <Loaded Value="True"/>
        <LoadedDesigner Value="True"/>
      </Unit34>
      <Unit35>
        <Filename Value="dscsv.pas"/>
        <IsPartOfProject Value="True"/>
        <UnitName Value="DsCsv"/>
        <EditorIndex Value="-1"/>
        <CursorPos X="54" Y="10"/>
        <UsageCount Value="142"/>
      </Unit35>
      <Unit36>
        <Filename Value="uexpcsv.pas"/>
        <IsPartOfProject Value="True"/>
        <ComponentName Value="ExpCSV"/>
        <HasResources Value="True"/>
        <ResourceBaseClass Value="Form"/>
        <UnitName Value="uExpCSV"/>
        <EditorIndex Value="-1"/>
        <TopLine Value="39"/>
        <CursorPos X="46" Y="65"/>
        <UsageCount Value="140"/>
      </Unit36>
      <Unit37>
        <Filename Value="C:/lazarus/fpc/2.2.4/source/rtl/objpas/sysutils/sysinth.inc"/>
        <TopLine Value="24"/>
        <CursorPos X="5" Y="43"/>
        <UsageCount Value="6"/>
      </Unit37>
      <Unit38>
        <Filename Value="dsmime.pas"/>
        <UnitName Value="DSMime"/>
        <TopLine Value="415"/>
        <CursorPos X="60" Y="434"/>
        <UsageCount Value="19"/>
      </Unit38>
      <Unit39>
        <Filename Value="dsdataexport.pas"/>
        <IsPartOfProject Value="True"/>
        <UnitName Value="DsDataExport"/>
        <EditorIndex Value="-1"/>
        <TopLine Value="264"/>
        <CursorPos X="11" Y="271"/>
        <UsageCount Value="132"/>
      </Unit39>
      <Unit40>
        <Filename Value="dshtml.pas"/>
        <IsPartOfProject Value="True"/>
        <UnitName Value="DsHtml"/>
        <EditorIndex Value="-1"/>
        <TopLine Value="178"/>
        <CursorPos Y="172"/>
        <UsageCount Value="131"/>
      </Unit40>
      <Unit41>
        <Filename Value="C:/lazarus/lcl/graphics.pp"/>
        <UnitName Value="Graphics"/>
        <TopLine Value="1750"/>
        <CursorPos X="10" Y="1769"/>
        <UsageCount Value="8"/>
      </Unit41>
      <Unit42>
        <Filename Value="uexphtml.pas"/>
        <IsPartOfProject Value="True"/>
        <ComponentName Value="ExpHTML"/>
        <HasResources Value="True"/>
        <ResourceBaseClass Value="Form"/>
        <UnitName Value="uExpHTML"/>
        <EditorIndex Value="-1"/>
        <TopLine Value="132"/>
        <CursorPos X="74" Y="159"/>
        <UsageCount Value="128"/>
      </Unit42>
      <Unit43>
        <Filename Value="C:/lazarus/fpc/2.2.4/source/rtl/inc/varianth.inc"/>
        <TopLine Value="183"/>
        <CursorPos X="10" Y="202"/>
        <UsageCount Value="7"/>
      </Unit43>
      <Unit44>
        <Filename Value="dsbifffile.pas"/>
        <UnitName Value="DsBiffFile"/>
        <CursorPos X="31" Y="389"/>
        <UsageCount Value="20"/>
      </Unit44>
      <Unit45>
        <Filename Value="dsxls.pas"/>
        <IsPartOfProject Value="True"/>
        <UnitName Value="DsXls"/>
        <EditorIndex Value="-1"/>
        <CursorPos X="30" Y="83"/>
        <UsageCount Value="71"/>
      </Unit45>
      <Unit46>
        <Filename Value="t_extxls.pas"/>
        <ComponentName Value="ExtXLS"/>
        <ResourceBaseClass Value="Form"/>
        <UnitName Value="T_ExtXLS"/>
        <TopLine Value="17"/>
        <CursorPos Y="44"/>
        <UsageCount Value="18"/>
      </Unit46>
      <Unit47>
        <Filename Value="uexpxls.pas"/>
        <IsPartOfProject Value="True"/>
        <ComponentName Value="ExpXLS"/>
        <HasResources Value="True"/>
        <ResourceBaseClass Value="Form"/>
        <UnitName Value="uExpXLS"/>
        <EditorIndex Value="-1"/>
        <TopLine Value="41"/>
        <CursorPos X="81" Y="62"/>
        <UsageCount Value="117"/>
      </Unit47>
      <Unit48>
        <Filename Value="C:/lazarus/fpc/2.2.4/source/rtl/inc/mathh.inc"/>
        <TopLine Value="57"/>
        <CursorPos X="55" Y="83"/>
        <UsageCount Value="8"/>
      </Unit48>
      <Unit49>
        <Filename Value="C:/lazarus/fpc/2.2.4/source/rtl/objpas/sysutils/finah.inc"/>
        <TopLine Value="5"/>
        <CursorPos X="10" Y="27"/>
        <UsageCount Value="7"/>
      </Unit49>
      <Unit50>
        <Filename Value="uaddtables.pas"/>
        <IsPartOfProject Value="True"/>
        <ComponentName Value="AddTables"/>
        <HasResources Value="True"/>
        <ResourceBaseClass Value="Form"/>
        <UnitName Value="uAddTables"/>
        <EditorIndex Value="3"/>
        <TopLine Value="100"/>
        <CursorPos X="29" Y="128"/>
        <UsageCount Value="113"/>
        <Loaded Value="True"/>
        <LoadedDesigner Value="True"/>
      </Unit50>
      <Unit51>
        <Filename Value="usubtables.pas"/>
        <IsPartOfProject Value="True"/>
        <ComponentName Value="SubTables"/>
        <HasResources Value="True"/>
        <ResourceBaseClass Value="Form"/>
        <UnitName Value="uSubTables"/>
        <EditorIndex Value="13"/>
        <TopLine Value="94"/>
        <CursorPos X="29" Y="122"/>
        <UsageCount Value="111"/>
        <Loaded Value="True"/>
        <LoadedDesigner Value="True"/>
      </Unit51>
      <Unit52>
        <Filename Value="C:/lazarus/fpc/2.2.4/source/packages/fcl-db/src/dbase/dbf_parser.pas"/>
        <TopLine Value="542"/>
        <CursorPos X="19" Y="565"/>
        <UsageCount Value="7"/>
      </Unit52>
      <Unit53>
        <Filename Value="C:/lazarus/fpc/2.2.4/source/packages/fcl-db/src/dbase/dbf_prscore.pas"/>
        <TopLine Value="191"/>
        <CursorPos Y="191"/>
        <UsageCount Value="7"/>
      </Unit53>
      <Unit54>
        <Filename Value="C:/lazarus/fpc/2.2.4/source/packages/fcl-db/src/dbase/dbf_prsdef.pas"/>
        <TopLine Value="581"/>
        <CursorPos X="3" Y="619"/>
        <UsageCount Value="7"/>
      </Unit54>
      <Unit55>
        <Filename Value="uexpdbf.pas"/>
        <IsPartOfProject Value="True"/>
        <ComponentName Value="ExpDBF"/>
        <HasResources Value="True"/>
        <ResourceBaseClass Value="Form"/>
        <UnitName Value="uExpDBF"/>
        <EditorIndex Value="-1"/>
        <TopLine Value="83"/>
        <CursorPos X="72" Y="109"/>
        <UsageCount Value="107"/>
      </Unit55>
      <Unit56>
        <Filename Value="usplash.pas"/>
        <IsPartOfProject Value="True"/>
        <ComponentName Value="Splash"/>
        <HasResources Value="True"/>
        <ResourceBaseClass Value="Form"/>
        <UnitName Value="uSplash"/>
        <EditorIndex Value="12"/>
        <TopLine Value="27"/>
        <CursorPos X="7" Y="55"/>
        <UsageCount Value="103"/>
        <Loaded Value="True"/>
        <LoadedDesigner Value="True"/>
      </Unit56>
      <Unit57>
        <Filename Value="C:/lazarus/lcl/interfaces/win32/win32wscontrols.pp"/>
        <UnitName Value="Win32WSControls"/>
        <TopLine Value="205"/>
        <CursorPos X="35" Y="220"/>
        <UsageCount Value="7"/>
      </Unit57>
      <Unit58>
        <Filename Value="DbfStudio.lrs"/>
        <UsageCount Value="7"/>
      </Unit58>
      <Unit59>
        <Filename Value="C:/lazarus/lcl/imglist.pp"/>
        <UnitName Value="ImgList"/>
        <TopLine Value="163"/>
        <CursorPos X="15" Y="182"/>
        <UsageCount Value="8"/>
      </Unit59>
      <Unit60>
        <Filename Value="C:/lazarus/lcl/include/rasterimage.inc"/>
        <TopLine Value="417"/>
        <CursorPos X="39" Y="437"/>
        <UsageCount Value="7"/>
      </Unit60>
      <Unit61>
        <Filename Value="uexpxml.pas"/>
        <IsPartOfProject Value="True"/>
        <ComponentName Value="ExpXML"/>
        <HasResources Value="True"/>
        <ResourceBaseClass Value="Form"/>
        <UnitName Value="uExpXML"/>
        <EditorIndex Value="-1"/>
        <TopLine Value="17"/>
        <CursorPos X="34" Y="36"/>
        <UsageCount Value="99"/>
      </Unit61>
      <Unit62>
        <Filename Value="C:/lazarus/fpc/2.2.4/source/rtl/inc/objpash.inc"/>
        <TopLine Value="47"/>
        <CursorPos X="21" Y="66"/>
        <UsageCount Value="7"/>
      </Unit62>
      <Unit63>
        <Filename Value="C:/lazarus/fpc/2.2.4/source/rtl/objpas/objpas.pp"/>
        <TopLine Value="52"/>
        <CursorPos X="15" Y="71"/>
        <UsageCount Value="7"/>
      </Unit63>
      <Unit64>
        <Filename Value="C:/lazarus/lcl/fileutil.pas"/>
        <UnitName Value="FileUtil"/>
        <TopLine Value="155"/>
        <CursorPos X="10" Y="174"/>
        <UsageCount Value="7"/>
      </Unit64>
      <Unit65>
        <Filename Value="uinfo.pas"/>
        <IsPartOfProject Value="True"/>
        <ComponentName Value="Info"/>
        <HasResources Value="True"/>
        <ResourceBaseClass Value="Form"/>
        <UnitName Value="uInfo"/>
        <EditorIndex Value="6"/>
        <TopLine Value="28"/>
        <CursorPos X="21" Y="44"/>
        <UsageCount Value="96"/>
        <Loaded Value="True"/>
        <LoadedDesigner Value="True"/>
      </Unit65>
      <Unit66>
        <Filename Value="t_mainform.lfm"/>
        <EditorIndex Value="-1"/>
        <UsageCount Value="8"/>
        <DefaultSyntaxHighlighter Value="LFM"/>
      </Unit66>
      <Unit67>
        <Filename Value="uinfo.lfm"/>
        <TopLine Value="21"/>
        <CursorPos Y="35"/>
        <UsageCount Value="7"/>
        <DefaultSyntaxHighlighter Value="LFM"/>
      </Unit67>
      <Unit68>
        <Filename Value="uexphtml.lfm"/>
        <TopLine Value="307"/>
        <CursorPos X="18" Y="319"/>
        <UsageCount Value="7"/>
        <DefaultSyntaxHighlighter Value="LFM"/>
      </Unit68>
      <Unit69>
        <Filename Value="C:/lazarus/lcl/helpintfs.pas"/>
        <UnitName Value="HelpIntfs"/>
        <TopLine Value="226"/>
        <CursorPos X="10" Y="245"/>
        <UsageCount Value="7"/>
      </Unit69>
      <Unit70>
        <Filename Value="uopenba.pas"/>
        <IsPartOfProject Value="True"/>
        <ComponentName Value="OpenBA"/>
        <HasResources Value="True"/>
        <ResourceBaseClass Value="Form"/>
        <UnitName Value="uOpenBA"/>
        <EditorIndex Value="-1"/>
        <TopLine Value="26"/>
        <CursorPos X="46" Y="55"/>
        <UsageCount Value="89"/>
      </Unit70>
      <Unit71>
        <Filename Value="uaddalias.pas"/>
        <IsPartOfProject Value="True"/>
        <ComponentName Value="AddAlias"/>
        <HasResources Value="True"/>
        <ResourceBaseClass Value="Form"/>
        <UnitName Value="uAddAlias"/>
        <EditorIndex Value="2"/>
        <TopLine Value="54"/>
        <CursorPos X="3" Y="56"/>
        <UsageCount Value="88"/>
        <Loaded Value="True"/>
        <LoadedDesigner Value="True"/>
      </Unit71>
      <Unit72>
        <Filename Value="C:/lazarus/fpc/2.2.4/source/rtl/objpas/sysutils/filutilh.inc"/>
        <TopLine Value="64"/>
        <CursorPos X="10" Y="85"/>
        <UsageCount Value="7"/>
      </Unit72>
      <Unit73>
        <Filename Value="usorttable.pas"/>
        <IsPartOfProject Value="True"/>
        <ComponentName Value="SortTable"/>
        <HasResources Value="True"/>
        <ResourceBaseClass Value="Form"/>
        <UnitName Value="uSortTable"/>
        <EditorIndex Value="11"/>
        <CursorPos X="51" Y="29"/>
        <UsageCount Value="85"/>
        <Loaded Value="True"/>
        <LoadedDesigner Value="True"/>
      </Unit73>
      <Unit74>
        <Filename Value="C:/lazarus/lcl/stdctrls.pp"/>
        <UnitName Value="StdCtrls"/>
        <TopLine Value="550"/>
        <CursorPos X="14" Y="569"/>
        <UsageCount Value="7"/>
      </Unit74>
      <Unit75>
        <Filename Value="uexpsql.pas"/>
        <IsPartOfProject Value="True"/>
        <ComponentName Value="ExpSQL"/>
        <HasResources Value="True"/>
        <ResourceBaseClass Value="Form"/>
        <UnitName Value="uExpSQL"/>
        <EditorIndex Value="-1"/>
        <TopLine Value="67"/>
        <CursorPos X="70" Y="90"/>
        <UsageCount Value="77"/>
      </Unit75>
      <Unit76>
        <Filename Value="C:/lazarus/fpc/2.2.4/source/rtl/win/sysutils.pp"/>
        <TopLine Value="364"/>
        <CursorPos X="15" Y="402"/>
        <UsageCount Value="7"/>
      </Unit76>
      <Unit77>
        <Filename Value="C:/lazarus/fpc/2.2.4/source/rtl/objpas/sysutils/sysstrh.inc"/>
        <TopLine Value="79"/>
        <CursorPos X="30" Y="101"/>
        <UsageCount Value="7"/>
      </Unit77>
      <Unit78>
        <Filename Value="C:/lazarus/fpc/2.2.4/source/rtl/objpas/sysutils/datih.inc"/>
        <TopLine Value="105"/>
        <CursorPos X="10" Y="124"/>
        <UsageCount Value="7"/>
      </Unit78>
      <Unit79>
        <Filename Value="C:/Lazarus/lazarus-trunk_fpc-3.2.0/fpc/3.2.0/source/packages/fcl-db/src/base/db.pas"/>
        <UnitName Value="DB"/>
        <EditorIndex Value="-1"/>
        <TopLine Value="1689"/>
        <CursorPos X="69" Y="1719"/>
        <UsageCount Value="7"/>
      </Unit79>
      <Unit80>
        <Filename Value="multidoc-0.3/multidoc.pas"/>
        <UnitName Value="MultiDoc"/>
        <EditorIndex Value="-1"/>
        <TopLine Value="250"/>
        <CursorPos X="23" Y="446"/>
        <UsageCount Value="11"/>
      </Unit80>
      <Unit81>
        <Filename Value="C:/Lazarus/lazarus-trunk_fpc-3.2.0/lcl/buttons.pp"/>
        <UnitName Value="Buttons"/>
        <EditorIndex Value="-1"/>
        <TopLine Value="394"/>
        <CursorPos X="3" Y="413"/>
        <UsageCount Value="8"/>
      </Unit81>
      <Unit82>
        <Filename Value="C:/Lazarus/lazarus-trunk_fpc-3.2.0/lcl/forms.pp"/>
        <UnitName Value="Forms"/>
        <EditorIndex Value="-1"/>
        <TopLine Value="635"/>
        <CursorPos X="15" Y="652"/>
        <UsageCount Value="7"/>
      </Unit82>
      <Unit83>
        <Filename Value="C:/Lazarus/lazarus-trunk_fpc-3.2.0/lcl/include/customform.inc"/>
        <EditorIndex Value="-1"/>
        <TopLine Value="2228"/>
        <CursorPos X="3" Y="2233"/>
        <UsageCount Value="7"/>
      </Unit83>
      <Unit84>
        <Filename Value="html/index.html"/>
        <EditorIndex Value="-1"/>
        <UsageCount Value="7"/>
        <DefaultSyntaxHighlighter Value="HTML"/>
      </Unit84>
      <Unit85>
        <Filename Value="C:/Lazarus/lazarus-trunk_fpc-3.2.0/lcl/helpintfs.pas"/>
        <UnitName Value="HelpIntfs"/>
        <EditorIndex Value="-1"/>
        <TopLine Value="235"/>
        <CursorPos X="36" Y="244"/>
        <UsageCount Value="7"/>
      </Unit85>
      <Unit86>
        <Filename Value="LMDI/buttonsbar.pas"/>
        <EditorIndex Value="-1"/>
        <TopLine Value="774"/>
        <CursorPos X="25" Y="791"/>
        <UsageCount Value="7"/>
      </Unit86>
      <Unit87>
        <Filename Value="../../../thirdparty_applications/mydbfstudio-0.5/MyDbfStudio/usplash.pas"/>
        <ComponentName Value="Splash"/>
        <HasResources Value="True"/>
        <ResourceBaseClass Value="Form"/>
        <UnitName Value="uSplash"/>
        <EditorIndex Value="-1"/>
        <WindowIndex Value="1"/>
        <TopLine Value="30"/>
        <CursorPos X="29" Y="50"/>
        <UsageCount Value="7"/>
      </Unit87>
      <Unit88>
        <Filename Value="../../../thirdparty_applications/mydbfstudio-0.5/MyDbfStudio/umain.pas"/>
        <UnitName Value="uMain"/>
        <EditorIndex Value="-1"/>
        <WindowIndex Value="1"/>
        <CursorPos X="38" Y="20"/>
        <UsageCount Value="7"/>
      </Unit88>
      <Unit89>
        <Filename Value="uutils.pas"/>
        <IsPartOfProject Value="True"/>
        <UnitName Value="uUtils"/>
        <EditorIndex Value="-1"/>
        <CursorPos Y="11"/>
        <UsageCount Value="64"/>
      </Unit89>
      <Unit90>
        <Filename Value="../../../thirdparty_applications/mydbfstudio-0.5/MyDbfStudio/uinfo.pas"/>
        <ComponentName Value="Info"/>
        <HasResources Value="True"/>
        <ResourceBaseClass Value="Form"/>
        <UnitName Value="uInfo"/>
        <EditorIndex Value="-1"/>
        <WindowIndex Value="1"/>
        <TopLine Value="16"/>
        <CursorPos X="32" Y="27"/>
        <UsageCount Value="7"/>
      </Unit90>
      <Unit91>
        <Filename Value="t_openba - Kopie.pas"/>
        <EditorIndex Value="-1"/>
        <WindowIndex Value="1"/>
        <TopLine Value="43"/>
        <UsageCount Value="7"/>
      </Unit91>
      <Unit92>
        <Filename Value="../../../thirdparty_applications/mydbfstudio-0.5/MyDbfStudio/uexpcsv.pas"/>
        <ComponentName Value="ExpCSV"/>
        <HasResources Value="True"/>
        <ResourceBaseClass Value="Form"/>
        <UnitName Value="uExpCSV"/>
        <EditorIndex Value="-1"/>
        <WindowIndex Value="1"/>
        <TopLine Value="102"/>
        <CursorPos X="48" Y="5"/>
        <UsageCount Value="7"/>
      </Unit92>
      <Unit93>
        <Filename Value="../../../thirdparty_applications/mydbfstudio-0.5/MyDbfStudio/dscsv.pas"/>
        <UnitName Value="DsCsv"/>
        <EditorIndex Value="-1"/>
        <WindowIndex Value="1"/>
        <UsageCount Value="7"/>
      </Unit93>
      <Unit94>
        <Filename Value="../../../thirdparty_applications/mydbfstudio-0.5/MyDbfStudio/uexpsql.pas"/>
        <ComponentName Value="ExpSQL"/>
        <HasResources Value="True"/>
        <ResourceBaseClass Value="Form"/>
        <UnitName Value="uExpSQL"/>
        <EditorIndex Value="-1"/>
        <WindowIndex Value="1"/>
        <TopLine Value="214"/>
        <UsageCount Value="7"/>
      </Unit94>
      <Unit95>
        <Filename Value="t_subtables - Kopie.pas"/>
        <EditorIndex Value="-1"/>
        <WindowIndex Value="1"/>
        <TopLine Value="40"/>
        <CursorPos Y="56"/>
        <UsageCount Value="7"/>
      </Unit95>
      <Unit96>
        <Filename Value="t_addtables - Kopie.pas"/>
        <EditorIndex Value="-1"/>
        <WindowIndex Value="1"/>
        <TopLine Value="37"/>
        <CursorPos X="28" Y="39"/>
        <UsageCount Value="7"/>
      </Unit96>
      <Unit97>
        <Filename Value="t_newtable - Kopie.pas"/>
        <EditorIndex Value="-1"/>
        <WindowIndex Value="1"/>
        <TopLine Value="371"/>
        <CursorPos X="2" Y="331"/>
        <UsageCount Value="8"/>
      </Unit97>
      <Unit98>
        <Filename Value="../../../thirdparty_applications/mydbfstudio-0.5/MyDbfStudio/uidxtable.pas"/>
        <UnitName Value="uIdxTable"/>
        <EditorIndex Value="-1"/>
        <WindowIndex Value="1"/>
        <TopLine Value="25"/>
        <UsageCount Value="7"/>
      </Unit98>
      <Unit99>
        <Filename Value="../../../thirdparty_applications/mydbfstudio-0.5/MyDbfStudio/urestructure.pas"/>
        <ComponentName Value="Restructure"/>
        <HasResources Value="True"/>
        <ResourceBaseClass Value="Form"/>
        <UnitName Value="uRestructure"/>
        <EditorIndex Value="-1"/>
        <WindowIndex Value="1"/>
        <TopLine Value="118"/>
        <CursorPos X="49" Y="126"/>
        <UsageCount Value="7"/>
      </Unit99>
      <Unit100>
        <Filename Value="utabslist.pas"/>
        <IsPartOfProject Value="True"/>
        <ComponentName Value="TabsList"/>
        <HasResources Value="True"/>
        <ResourceBaseClass Value="Form"/>
        <UnitName Value="uTabsList"/>
        <EditorIndex Value="14"/>
        <TopLine Value="21"/>
        <CursorPos X="52" Y="52"/>
        <UsageCount Value="46"/>
        <Loaded Value="True"/>
        <LoadedDesigner Value="True"/>
      </Unit100>
      <Unit101>
        <Filename Value="uoptions.lfm"/>
        <EditorIndex Value="-1"/>
        <UsageCount Value="7"/>
        <DefaultSyntaxHighlighter Value="LFM"/>
      </Unit101>
      <Unit102>
        <Filename Value="uoptions.pas"/>
        <IsPartOfProject Value="True"/>
        <ComponentName Value="OptionsForm"/>
        <HasResources Value="True"/>
        <ResourceBaseClass Value="Form"/>
        <UnitName Value="uOptions"/>
        <EditorIndex Value="8"/>
        <TopLine Value="110"/>
        <CursorPos X="59" Y="120"/>
        <UsageCount Value="45"/>
        <Bookmarks Count="1">
          <Item0 X="33" Y="209" ID="1"/>
        </Bookmarks>
        <Loaded Value="True"/>
        <LoadedDesigner Value="True"/>
      </Unit102>
      <Unit103>
        <Filename Value="t_mainform - Kopie.pas"/>
        <EditorIndex Value="-1"/>
        <TopLine Value="241"/>
        <CursorPos X="10" Y="273"/>
        <UsageCount Value="12"/>
      </Unit103>
      <Unit104>
        <Filename Value="C:/Lazarus/lazarus-trunk_fpc-3.2.0/components/lazutils/fileutil.pas"/>
        <UnitName Value="FileUtil"/>
        <EditorIndex Value="-1"/>
        <TopLine Value="48"/>
        <CursorPos X="10" Y="68"/>
        <UsageCount Value="7"/>
      </Unit104>
      <Unit105>
        <Filename Value="C:/Lazarus/lazarus-trunk_fpc-3.2.0/lcl/lazhelpintf.pas"/>
        <UnitName Value="LazHelpIntf"/>
        <EditorIndex Value="-1"/>
        <TopLine Value="1611"/>
        <CursorPos X="51" Y="1633"/>
        <UsageCount Value="7"/>
      </Unit105>
      <Unit106>
        <Filename Value="udatamodule.pas"/>
        <IsPartOfProject Value="True"/>
        <ComponentName Value="CommonData"/>
        <HasResources Value="True"/>
        <ResourceBaseClass Value="DataModule"/>
        <UnitName Value="uDatamodule"/>
        <EditorIndex Value="4"/>
        <CursorPos X="20" Y="10"/>
        <UsageCount Value="53"/>
        <Loaded Value="True"/>
        <LoadedDesigner Value="True"/>
      </Unit106>
      <Unit107>
        <Filename Value="C:/Lazarus/lazarus-trunk_fpc-3.2.0/lcl/dbctrls.pp"/>
        <UnitName Value="DBCtrls"/>
        <EditorIndex Value="-1"/>
        <TopLine Value="1290"/>
        <CursorPos X="3" Y="1310"/>
        <UsageCount Value="9"/>
      </Unit107>
      <Unit108>
        <Filename Value="C:/Lazarus/lazarus-trunk_fpc-3.2.0/lcl/lclintf.pas"/>
        <UnitName Value="LCLIntf"/>
        <EditorIndex Value="-1"/>
        <TopLine Value="49"/>
        <UsageCount Value="9"/>
      </Unit108>
      <Unit109>
        <Filename Value="C:/Lazarus/lazarus-trunk_fpc-3.2.0/lcl/include/winapih.inc"/>
        <EditorIndex Value="-1"/>
        <TopLine Value="53"/>
        <CursorPos X="18" Y="85"/>
        <UsageCount Value="9"/>
      </Unit109>
      <Unit110>
        <Filename Value="historyfiles.pas"/>
        <IsPartOfProject Value="True"/>
        <UnitName Value="HistoryFiles"/>
        <EditorIndex Value="1"/>
        <TopLine Value="456"/>
        <CursorPos X="22" Y="488"/>
        <UsageCount Value="35"/>
        <Loaded Value="True"/>
      </Unit110>
      <Unit111>
        <Filename Value="C:/Lazarus/lazarus-trunk_fpc-3.2.0/lcl/comctrls.pp"/>
        <UnitName Value="ComCtrls"/>
        <EditorIndex Value="-1"/>
        <TopLine Value="2022"/>
        <CursorPos X="5" Y="2043"/>
        <UsageCount Value="9"/>
      </Unit111>
      <Unit112>
        <Filename Value="C:/Lazarus/lazarus-trunk_fpc-3.2.0/lcl/include/toolbutton.inc"/>
        <EditorIndex Value="-1"/>
        <TopLine Value="132"/>
        <CursorPos Y="140"/>
        <UsageCount Value="9"/>
      </Unit112>
      <Unit113>
        <Filename Value="C:/Lazarus/lazarus-trunk_fpc-3.2.0/lcl/menus.pp"/>
        <UnitName Value="Menus"/>
        <EditorIndex Value="-1"/>
        <TopLine Value="189"/>
        <CursorPos X="17" Y="204"/>
        <UsageCount Value="9"/>
      </Unit113>
      <Unit114>
        <Filename Value="../../Hex/source/hxsettingsdlg.pas"/>
        <UnitName Value="hxSettingsDlg"/>
        <EditorIndex Value="-1"/>
        <TopLine Value="13"/>
        <UsageCount Value="10"/>
      </Unit114>
      <Unit115>
        <Filename Value="../../Hex/source/hxglobal.pas"/>
        <UnitName Value="hxGlobal"/>
        <EditorIndex Value="-1"/>
        <TopLine Value="184"/>
        <UsageCount Value="10"/>
      </Unit115>
      <Unit116>
        <Filename Value="C:/Lazarus/lazarus-trunk_fpc-3.2.0/fpc/3.2.0/source/packages/fcl-db/src/dbase/dbf.pas"/>
        <EditorIndex Value="-1"/>
        <TopLine Value="399"/>
        <CursorPos X="19" Y="402"/>
        <UsageCount Value="12"/>
      </Unit116>
      <Unit117>
        <Filename Value="C:/Lazarus/lazarus-trunk_fpc-3.2.0/fpc/3.2.0/source/packages/fcl-db/src/dbase/dbf.pas"/>
        <EditorIndex Value="17"/>
        <TopLine Value="1379"/>
        <CursorPos X="3" Y="1383"/>
        <UsageCount Value="11"/>
        <Loaded Value="True"/>
      </Unit117>
      <Unit118>
        <Filename Value="C:/Lazarus/lazarus-trunk_fpc-3.2.0/lcl/stdctrls.pp"/>
        <UnitName Value="StdCtrls"/>
        <EditorIndex Value="16"/>
        <TopLine Value="260"/>
        <CursorPos X="3" Y="280"/>
        <UsageCount Value="10"/>
        <Loaded Value="True"/>
      </Unit118>
      <Unit119>
        <Filename Value="C:/Lazarus/lazarus-trunk_fpc-3.2.0/lcl/lcltype.pp"/>
        <UnitName Value="LCLType"/>
        <EditorIndex Value="15"/>
        <TopLine Value="1132"/>
        <CursorPos X="3" Y="1152"/>
        <UsageCount Value="10"/>
        <Loaded Value="True"/>
      </Unit119>
      <Unit120>
        <Filename Value="C:/Lazarus/lazarus-trunk_fpc-3.2.0/fpc/3.2.0/source/packages/fcl-db/src/dbase/dbf_dbffile.pas"/>
        <EditorIndex Value="18"/>
        <TopLine Value="1244"/>
        <CursorPos X="3" Y="1248"/>
        <UsageCount Value="10"/>
        <Loaded Value="True"/>
      </Unit120>
    </Units>
    <JumpHistory Count="29" HistoryIndex="28">
      <Position1>
        <Filename Value="urestructure.pas"/>
        <Caret Line="596" TopLine="574"/>
      </Position1>
      <Position2>
        <Filename Value="urestructure.pas"/>
        <Caret Line="595" TopLine="573"/>
      </Position2>
      <Position3>
        <Filename Value="urestructure.pas"/>
        <Caret Line="596" TopLine="574"/>
      </Position3>
      <Position4>
        <Filename Value="urestructure.pas"/>
        <Caret Line="595" TopLine="573"/>
      </Position4>
      <Position5>
        <Filename Value="urestructure.pas"/>
        <Caret Line="593" TopLine="574"/>
      </Position5>
      <Position6>
        <Filename Value="urestructure.pas"/>
        <Caret Line="60" Column="23" TopLine="60"/>
      </Position6>
      <Position7>
        <Filename Value="urestructure.pas"/>
        <Caret Line="372" Column="10" TopLine="353"/>
      </Position7>
      <Position8>
        <Filename Value="urestructure.pas"/>
        <Caret Line="373" Column="32" TopLine="353"/>
      </Position8>
      <Position9>
        <Filename Value="urestructure.pas"/>
        <Caret Line="60" Column="15" TopLine="41"/>
      </Position9>
      <Position10>
        <Filename Value="urestructure.pas"/>
        <Caret Line="593" Column="70" TopLine="574"/>
      </Position10>
      <Position11>
        <Filename Value="C:/Lazarus/lazarus-trunk_fpc-3.2.0/fpc/3.2.0/source/packages/fcl-db/src/dbase/dbf.pas"/>
        <Caret Line="404" Column="14" TopLine="386"/>
      </Position11>
      <Position12>
        <Filename Value="C:/Lazarus/lazarus-trunk_fpc-3.2.0/fpc/3.2.0/source/packages/fcl-db/src/dbase/dbf.pas"/>
        <Caret Line="200" Column="23" TopLine="181"/>
      </Position12>
      <Position13>
        <Filename Value="C:/Lazarus/lazarus-trunk_fpc-3.2.0/fpc/3.2.0/source/packages/fcl-db/src/dbase/dbf.pas"/>
        <Caret Line="1383" Column="3" TopLine="1377"/>
      </Position13>
      <Position14>
        <Filename Value="C:/Lazarus/lazarus-trunk_fpc-3.2.0/fpc/3.2.0/source/packages/fcl-db/src/dbase/dbf.pas"/>
        <Caret Line="238" Column="14" TopLine="219"/>
      </Position14>
      <Position15>
        <Filename Value="C:/Lazarus/lazarus-trunk_fpc-3.2.0/fpc/3.2.0/source/packages/fcl-db/src/dbase/dbf.pas"/>
        <Caret Line="404" Column="46" TopLine="373"/>
      </Position15>
      <Position16>
        <Filename Value="C:/Lazarus/lazarus-trunk_fpc-3.2.0/fpc/3.2.0/source/packages/fcl-db/src/dbase/dbf.pas"/>
        <Caret Line="1381" Column="22" TopLine="1349"/>
      </Position16>
      <Position17>
        <Filename Value="C:/Lazarus/lazarus-trunk_fpc-3.2.0/fpc/3.2.0/source/packages/fcl-db/src/dbase/dbf.pas"/>
        <Caret Line="219" Column="14" TopLine="201"/>
      </Position17>
      <Position18>
        <Filename Value="C:/Lazarus/lazarus-trunk_fpc-3.2.0/fpc/3.2.0/source/packages/fcl-db/src/dbase/dbf.pas"/>
        <Caret Line="403" Column="46" TopLine="373"/>
      </Position18>
      <Position19>
        <Filename Value="C:/Lazarus/lazarus-trunk_fpc-3.2.0/fpc/3.2.0/source/packages/fcl-db/src/dbase/dbf.pas"/>
        <Caret Line="214" Column="15" TopLine="195"/>
      </Position19>
      <Position20>
        <Filename Value="C:/Lazarus/lazarus-trunk_fpc-3.2.0/fpc/3.2.0/source/packages/fcl-db/src/dbase/dbf.pas"/>
        <Caret Line="2427" Column="18" TopLine="2422"/>
      </Position20>
      <Position21>
        <Filename Value="C:/Lazarus/lazarus-trunk_fpc-3.2.0/fpc/3.2.0/source/packages/fcl-db/src/dbase/dbf.pas"/>
        <Caret Line="200" Column="15" TopLine="196"/>
      </Position21>
      <Position22>
        <Filename Value="C:/Lazarus/lazarus-trunk_fpc-3.2.0/fpc/3.2.0/source/packages/fcl-db/src/dbase/dbf.pas"/>
        <Caret Line="1383" Column="3" TopLine="1379"/>
      </Position22>
      <Position23>
        <Filename Value="C:/Lazarus/lazarus-trunk_fpc-3.2.0/fpc/3.2.0/source/packages/fcl-db/src/dbase/dbf_dbffile.pas"/>
        <Caret Line="154" Column="14" TopLine="136"/>
      </Position23>
      <Position24>
        <Filename Value="C:/Lazarus/lazarus-trunk_fpc-3.2.0/fpc/3.2.0/source/packages/fcl-db/src/dbase/dbf_dbffile.pas"/>
        <Caret Line="82" Column="14" TopLine="63"/>
      </Position24>
      <Position25>
        <Filename Value="urestructure.pas"/>
        <Caret Line="574" Column="28" TopLine="574"/>
      </Position25>
      <Position26>
        <Filename Value="urestructure.pas"/>
      </Position26>
      <Position27>
        <Filename Value="urestructure.pas"/>
        <Caret Line="25" Column="16"/>
      </Position27>
      <Position28>
        <Filename Value="urestructure.pas"/>
        <Caret Line="36" TopLine="4"/>
      </Position28>
      <Position29>
        <Filename Value="urestructure.pas"/>
        <Caret Line="207" TopLine="175"/>
      </Position29>
    </JumpHistory>
  </ProjectOptions>
  <CompilerOptions>
    <Version Value="11"/>
    <Target>
      <Filename Value="../dbfstudio"/>
    </Target>
    <SearchPaths>
      <IncludeFiles Value="$(ProjOutDir)"/>
      <UnitOutputDirectory Value="../ppu/$(TargetCPU)-$(TargetOS)"/>
    </SearchPaths>
    <CodeGeneration>
      <Optimizations>
        <OptimizationLevel Value="3"/>
        <VariablesInRegisters Value="True"/>
      </Optimizations>
      <SmallerCode Value="True"/>
    </CodeGeneration>
    <Linking>
      <Debugging>
        <DebugInfoType Value="dsDwarf2Set"/>
        <StripSymbols Value="True"/>
      </Debugging>
      <LinkSmart Value="True"/>
      <Options>
        <Win32>
          <GraphicApplication Value="True"/>
        </Win32>
      </Options>
    </Linking>
  </CompilerOptions>
  <Debugging>
    <Exceptions Count="3">
      <Item1>
        <Name Value="EAbort"/>
      </Item1>
      <Item2>
        <Name Value="ECodetoolError"/>
      </Item2>
      <Item3>
        <Name Value="EFOpenError"/>
      </Item3>
    </Exceptions>
  </Debugging>
</CONFIG>
