<?xml version="1.0" encoding="UTF-8"?>
<CONFIG>
  <ProjectOptions>
    <Version Value="12"/>
    <General>
      <Flags>
        <LRSInOutputDirectory Value="False"/>
        <CompatibilityMode Value="True"/>
      </Flags>
      <Title Value="MyDbfStudio"/>
      <Scaled Value="True"/>
      <ResourceType Value="res"/>
      <UseXPManifest Value="True"/>
      <XPManifest>
        <DpiAware Value="True"/>
      </XPManifest>
      <Icon Value="0"/>
      <Resources Count="1">
        <Resource_0 FileName="img\splash.png" Type="RCDATA" ResourceName="SPLASH"/>
      </Resources>
    </General>
    <VersionInfo>
      <UseVersionInfo Value="True"/>
      <MinorVersionNr Value="5"/>
      <RevisionNr Value="2"/>
      <StringTable FileDescription="Administrative tool for Dbf and Paradox Tables." LegalCopyright="Calogiuri Enzo Antonio" ProductName="MyDbfStudio"/>
    </VersionInfo>
    <BuildModes Count="1">
      <Item1 Name="default" Default="True"/>
    </BuildModes>
    <PublishOptions>
      <Version Value="2"/>
    </PublishOptions>
    <RunParams>
      <FormatVersion Value="2"/>
    </RunParams>
    <RequiredPackages Count="3">
      <Item1>
        <PackageName Value="FCL"/>
        <MinVersion Major="1" Valid="True"/>
      </Item1>
      <Item2>
        <PackageName Value="DBFLaz"/>
        <MinVersion Minor="1" Release="1" Valid="True"/>
      </Item2>
      <Item3>
        <PackageName Value="LCL"/>
      </Item3>
    </RequiredPackages>
    <Units Count="51">
      <Unit0>
        <Filename Value="MyDbfStudio.lpr"/>
        <IsPartOfProject Value="True"/>
        <CursorPos X="53" Y="21"/>
        <UsageCount Value="191"/>
        <Loaded Value="True"/>
        <LoadedDesigner Value="True"/>
      </Unit0>
      <Unit1>
        <Filename Value="umain.pas"/>
        <IsPartOfProject Value="True"/>
        <ComponentName Value="Main"/>
        <HasResources Value="True"/>
        <ResourceBaseClass Value="Form"/>
        <UnitName Value="uMain"/>
        <IsVisibleTab Value="True"/>
        <EditorIndex Value="1"/>
        <TopLine Value="260"/>
        <CursorPos X="32" Y="265"/>
        <UsageCount Value="191"/>
        <Bookmarks Count="1">
          <Item0 X="5" Y="278" ID="1"/>
        </Bookmarks>
        <Loaded Value="True"/>
        <LoadedDesigner Value="True"/>
      </Unit1>
      <Unit2>
        <Filename Value="udbftable.pas"/>
        <IsPartOfProject Value="True"/>
        <ComponentName Value="DbfTable"/>
        <HasResources Value="True"/>
        <ResourceBaseClass Value="Form"/>
        <UnitName Value="uDbfTable"/>
        <EditorIndex Value="-1"/>
        <TopLine Value="26"/>
        <CursorPos X="23" Y="30"/>
        <UsageCount Value="191"/>
      </Unit2>
      <Unit3>
        <Filename Value="urestructure.pas"/>
        <IsPartOfProject Value="True"/>
        <ComponentName Value="Restructure"/>
        <HasResources Value="True"/>
        <ResourceBaseClass Value="Form"/>
        <UnitName Value="uRestructure"/>
        <EditorIndex Value="-1"/>
        <TopLine Value="268"/>
        <CursorPos X="13" Y="299"/>
        <UsageCount Value="181"/>
      </Unit3>
      <Unit4>
        <Filename Value="uidxtable.pas"/>
        <IsPartOfProject Value="True"/>
        <ComponentName Value="IdxTable"/>
        <HasResources Value="True"/>
        <ResourceBaseClass Value="Form"/>
        <UnitName Value="uIdxTable"/>
        <EditorIndex Value="-1"/>
        <TopLine Value="13"/>
        <CursorPos X="20" Y="37"/>
        <UsageCount Value="173"/>
      </Unit4>
      <Unit5>
        <Filename Value="unewtable.pas"/>
        <IsPartOfProject Value="True"/>
        <ComponentName Value="NewTable"/>
        <HasResources Value="True"/>
        <ResourceBaseClass Value="Form"/>
        <UnitName Value="uNewTable"/>
        <EditorIndex Value="-1"/>
        <TopLine Value="232"/>
        <CursorPos X="26" Y="257"/>
        <UsageCount Value="169"/>
      </Unit5>
      <Unit6>
        <Filename Value="usetfv.pas"/>
        <IsPartOfProject Value="True"/>
        <ComponentName Value="SetFV"/>
        <HasResources Value="True"/>
        <ResourceBaseClass Value="Form"/>
        <UnitName Value="uSetFV"/>
        <EditorIndex Value="-1"/>
        <TopLine Value="43"/>
        <CursorPos Y="68"/>
        <UsageCount Value="145"/>
      </Unit6>
      <Unit7>
        <Filename Value="dscsv.pas"/>
        <IsPartOfProject Value="True"/>
        <UnitName Value="DsCsv"/>
        <EditorIndex Value="-1"/>
        <CursorPos X="54" Y="10"/>
        <UsageCount Value="164"/>
      </Unit7>
      <Unit8>
        <Filename Value="uexpcsv.pas"/>
        <IsPartOfProject Value="True"/>
        <ComponentName Value="ExpCSV"/>
        <HasResources Value="True"/>
        <ResourceBaseClass Value="Form"/>
        <UnitName Value="uExpCSV"/>
        <EditorIndex Value="-1"/>
        <TopLine Value="59"/>
        <CursorPos Y="74"/>
        <UsageCount Value="162"/>
      </Unit8>
      <Unit9>
        <Filename Value="dsdataexport.pas"/>
        <IsPartOfProject Value="True"/>
        <UnitName Value="DsDataExport"/>
        <EditorIndex Value="-1"/>
        <TopLine Value="264"/>
        <CursorPos X="11" Y="271"/>
        <UsageCount Value="154"/>
      </Unit9>
      <Unit10>
        <Filename Value="dshtml.pas"/>
        <IsPartOfProject Value="True"/>
        <UnitName Value="DsHtml"/>
        <EditorIndex Value="-1"/>
        <TopLine Value="178"/>
        <CursorPos Y="172"/>
        <UsageCount Value="153"/>
      </Unit10>
      <Unit11>
        <Filename Value="uexphtml.pas"/>
        <IsPartOfProject Value="True"/>
        <ComponentName Value="ExpHTML"/>
        <HasResources Value="True"/>
        <ResourceBaseClass Value="Form"/>
        <UnitName Value="uExpHTML"/>
        <EditorIndex Value="-1"/>
        <TopLine Value="149"/>
        <CursorPos Y="164"/>
        <UsageCount Value="150"/>
      </Unit11>
      <Unit12>
        <Filename Value="dsxls.pas"/>
        <IsPartOfProject Value="True"/>
        <UnitName Value="DsXls"/>
        <EditorIndex Value="-1"/>
        <CursorPos X="30" Y="83"/>
        <UsageCount Value="93"/>
      </Unit12>
      <Unit13>
        <Filename Value="uexpxls.pas"/>
        <IsPartOfProject Value="True"/>
        <ComponentName Value="ExpXLS"/>
        <HasResources Value="True"/>
        <ResourceBaseClass Value="Form"/>
        <UnitName Value="uExpXLS"/>
        <EditorIndex Value="-1"/>
        <TopLine Value="58"/>
        <CursorPos X="54" Y="77"/>
        <UsageCount Value="139"/>
      </Unit13>
      <Unit14>
        <Filename Value="uaddtables.pas"/>
        <IsPartOfProject Value="True"/>
        <ComponentName Value="AddTables"/>
        <HasResources Value="True"/>
        <ResourceBaseClass Value="Form"/>
        <UnitName Value="uAddTables"/>
        <EditorIndex Value="-1"/>
        <TopLine Value="126"/>
        <CursorPos Y="142"/>
        <UsageCount Value="135"/>
      </Unit14>
      <Unit15>
        <Filename Value="usubtables.pas"/>
        <IsPartOfProject Value="True"/>
        <ComponentName Value="SubTables"/>
        <HasResources Value="True"/>
        <ResourceBaseClass Value="Form"/>
        <UnitName Value="uSubTables"/>
        <EditorIndex Value="-1"/>
        <TopLine Value="121"/>
        <CursorPos Y="137"/>
        <UsageCount Value="133"/>
      </Unit15>
      <Unit16>
        <Filename Value="uexpdbf.pas"/>
        <IsPartOfProject Value="True"/>
        <ComponentName Value="ExpDBF"/>
        <HasResources Value="True"/>
        <ResourceBaseClass Value="Form"/>
        <UnitName Value="uExpDBF"/>
        <EditorIndex Value="-1"/>
        <TopLine Value="77"/>
        <CursorPos X="29" Y="101"/>
        <UsageCount Value="129"/>
      </Unit16>
      <Unit17>
        <Filename Value="usplash.pas"/>
        <IsPartOfProject Value="True"/>
        <ComponentName Value="Splash"/>
        <HasResources Value="True"/>
        <ResourceBaseClass Value="Form"/>
        <UnitName Value="uSplash"/>
        <EditorIndex Value="-1"/>
        <TopLine Value="27"/>
        <CursorPos X="22" Y="33"/>
        <UsageCount Value="125"/>
      </Unit17>
      <Unit18>
        <Filename Value="uexpxml.pas"/>
        <IsPartOfProject Value="True"/>
        <ComponentName Value="ExpXML"/>
        <HasResources Value="True"/>
        <ResourceBaseClass Value="Form"/>
        <UnitName Value="uExpXML"/>
        <EditorIndex Value="-1"/>
        <TopLine Value="119"/>
        <CursorPos X="15" Y="147"/>
        <UsageCount Value="121"/>
      </Unit18>
      <Unit19>
        <Filename Value="uinfo.pas"/>
        <IsPartOfProject Value="True"/>
        <ComponentName Value="Info"/>
        <HasResources Value="True"/>
        <ResourceBaseClass Value="Form"/>
        <UnitName Value="uInfo"/>
        <EditorIndex Value="-1"/>
        <TopLine Value="34"/>
        <CursorPos X="63" Y="51"/>
        <UsageCount Value="118"/>
      </Unit19>
      <Unit20>
        <Filename Value="uinfo.lfm"/>
        <TopLine Value="21"/>
        <CursorPos Y="35"/>
        <UsageCount Value="6"/>
        <DefaultSyntaxHighlighter Value="LFM"/>
      </Unit20>
      <Unit21>
        <Filename Value="uexphtml.lfm"/>
        <TopLine Value="307"/>
        <CursorPos X="18" Y="319"/>
        <UsageCount Value="6"/>
        <DefaultSyntaxHighlighter Value="LFM"/>
      </Unit21>
      <Unit22>
        <Filename Value="uopenba.pas"/>
        <IsPartOfProject Value="True"/>
        <ComponentName Value="OpenBA"/>
        <HasResources Value="True"/>
        <ResourceBaseClass Value="Form"/>
        <UnitName Value="uOpenBA"/>
        <EditorIndex Value="-1"/>
        <TopLine Value="45"/>
        <CursorPos X="57" Y="67"/>
        <UsageCount Value="111"/>
      </Unit22>
      <Unit23>
        <Filename Value="uaddalias.pas"/>
        <IsPartOfProject Value="True"/>
        <ComponentName Value="AddAlias"/>
        <HasResources Value="True"/>
        <ResourceBaseClass Value="Form"/>
        <UnitName Value="uAddAlias"/>
        <EditorIndex Value="-1"/>
        <TopLine Value="88"/>
        <CursorPos X="42" Y="108"/>
        <UsageCount Value="110"/>
      </Unit23>
      <Unit24>
        <Filename Value="usorttable.pas"/>
        <IsPartOfProject Value="True"/>
        <ComponentName Value="SortTable"/>
        <HasResources Value="True"/>
        <ResourceBaseClass Value="Form"/>
        <UnitName Value="uSortTable"/>
        <EditorIndex Value="-1"/>
        <TopLine Value="97"/>
        <CursorPos Y="106"/>
        <UsageCount Value="107"/>
      </Unit24>
      <Unit25>
        <Filename Value="uexpsql.pas"/>
        <IsPartOfProject Value="True"/>
        <ComponentName Value="ExpSQL"/>
        <HasResources Value="True"/>
        <ResourceBaseClass Value="Form"/>
        <UnitName Value="uExpSQL"/>
        <EditorIndex Value="-1"/>
        <TopLine Value="60"/>
        <CursorPos X="69" Y="78"/>
        <UsageCount Value="99"/>
      </Unit25>
      <Unit26>
        <Filename Value="uutils.pas"/>
        <IsPartOfProject Value="True"/>
        <UnitName Value="uUtils"/>
        <EditorIndex Value="-1"/>
        <CursorPos Y="11"/>
        <UsageCount Value="86"/>
      </Unit26>
      <Unit27>
        <Filename Value="utabslist.pas"/>
        <IsPartOfProject Value="True"/>
        <ComponentName Value="TabsList"/>
        <HasResources Value="True"/>
        <ResourceBaseClass Value="Form"/>
        <UnitName Value="uTabsList"/>
        <EditorIndex Value="2"/>
        <TopLine Value="102"/>
        <CursorPos Y="115"/>
        <UsageCount Value="68"/>
        <Loaded Value="True"/>
        <LoadedDesigner Value="True"/>
      </Unit27>
      <Unit28>
        <Filename Value="uoptions.lfm"/>
        <EditorIndex Value="-1"/>
        <UsageCount Value="6"/>
        <DefaultSyntaxHighlighter Value="LFM"/>
      </Unit28>
      <Unit29>
        <Filename Value="uoptions.pas"/>
        <IsPartOfProject Value="True"/>
        <ComponentName Value="OptionsForm"/>
        <HasResources Value="True"/>
        <ResourceBaseClass Value="Form"/>
        <UnitName Value="uOptions"/>
        <EditorIndex Value="-1"/>
        <TopLine Value="16"/>
        <CursorPos X="19" Y="51"/>
        <UsageCount Value="67"/>
      </Unit29>
      <Unit30>
        <Filename Value="t_mainform - Kopie.pas"/>
        <EditorIndex Value="-1"/>
        <TopLine Value="241"/>
        <CursorPos X="10" Y="273"/>
        <UsageCount Value="11"/>
      </Unit30>
      <Unit31>
        <Filename Value="udatamodule.pas"/>
        <IsPartOfProject Value="True"/>
        <ComponentName Value="CommonData"/>
        <HasResources Value="True"/>
        <ResourceBaseClass Value="DataModule"/>
        <UnitName Value="uDatamodule"/>
        <EditorIndex Value="-1"/>
        <CursorPos X="20" Y="10"/>
        <UsageCount Value="75"/>
      </Unit31>
      <Unit32>
        <Filename Value="C:/Lazarus/lazarus-trunk_fpc-3.2.0/lcl/dbctrls.pp"/>
        <UnitName Value="DBCtrls"/>
        <EditorIndex Value="-1"/>
        <TopLine Value="1290"/>
        <CursorPos X="3" Y="1310"/>
        <UsageCount Value="8"/>
      </Unit32>
      <Unit33>
        <Filename Value="C:/Lazarus/lazarus-trunk_fpc-3.2.0/lcl/lclintf.pas"/>
        <UnitName Value="LCLIntf"/>
        <EditorIndex Value="-1"/>
        <TopLine Value="49"/>
        <UsageCount Value="8"/>
      </Unit33>
      <Unit34>
        <Filename Value="C:/Lazarus/lazarus-trunk_fpc-3.2.0/lcl/include/winapih.inc"/>
        <EditorIndex Value="-1"/>
        <TopLine Value="53"/>
        <CursorPos X="18" Y="85"/>
        <UsageCount Value="8"/>
      </Unit34>
      <Unit35>
        <Filename Value="historyfiles.pas"/>
        <IsPartOfProject Value="True"/>
        <UnitName Value="HistoryFiles"/>
        <EditorIndex Value="-1"/>
        <TopLine Value="453"/>
        <CursorPos X="16" Y="468"/>
        <UsageCount Value="57"/>
      </Unit35>
      <Unit36>
        <Filename Value="C:/Lazarus/lazarus-trunk_fpc-3.2.0/lcl/comctrls.pp"/>
        <UnitName Value="ComCtrls"/>
        <EditorIndex Value="-1"/>
        <TopLine Value="2022"/>
        <CursorPos X="5" Y="2043"/>
        <UsageCount Value="8"/>
      </Unit36>
      <Unit37>
        <Filename Value="C:/Lazarus/lazarus-trunk_fpc-3.2.0/lcl/include/toolbutton.inc"/>
        <EditorIndex Value="-1"/>
        <TopLine Value="132"/>
        <CursorPos Y="140"/>
        <UsageCount Value="8"/>
      </Unit37>
      <Unit38>
        <Filename Value="C:/Lazarus/lazarus-trunk_fpc-3.2.0/lcl/menus.pp"/>
        <UnitName Value="Menus"/>
        <EditorIndex Value="-1"/>
        <TopLine Value="189"/>
        <CursorPos X="17" Y="204"/>
        <UsageCount Value="8"/>
      </Unit38>
      <Unit39>
        <Filename Value="../../Hex/source/hxsettingsdlg.pas"/>
        <UnitName Value="hxSettingsDlg"/>
        <EditorIndex Value="-1"/>
        <TopLine Value="13"/>
        <UsageCount Value="9"/>
      </Unit39>
      <Unit40>
        <Filename Value="../../Hex/source/hxglobal.pas"/>
        <UnitName Value="hxGlobal"/>
        <EditorIndex Value="-1"/>
        <TopLine Value="184"/>
        <UsageCount Value="9"/>
      </Unit40>
      <Unit41>
        <Filename Value="C:/Lazarus/lazarus-trunk_fpc-3.2.0/fpc/3.2.0/source/packages/fcl-db/src/dbase/dbf.pas"/>
        <EditorIndex Value="-1"/>
        <TopLine Value="399"/>
        <CursorPos X="19" Y="402"/>
        <UsageCount Value="11"/>
      </Unit41>
      <Unit42>
        <Filename Value="C:/Lazarus/lazarus-trunk_fpc-3.2.0/lcl/stdctrls.pp"/>
        <UnitName Value="StdCtrls"/>
        <EditorIndex Value="-1"/>
        <TopLine Value="260"/>
        <CursorPos X="3" Y="280"/>
        <UsageCount Value="9"/>
      </Unit42>
      <Unit43>
        <Filename Value="C:/Lazarus/lazarus-trunk_fpc-3.2.0/lcl/lcltype.pp"/>
        <UnitName Value="LCLType"/>
        <EditorIndex Value="-1"/>
        <TopLine Value="1132"/>
        <CursorPos X="3" Y="1152"/>
        <UsageCount Value="9"/>
      </Unit43>
      <Unit44>
        <Filename Value="C:/Lazarus/lazarus-trunk_fpc-3.2.0/fpc/3.2.0/source/packages/fcl-db/src/dbase/dbf_dbffile.pas"/>
        <EditorIndex Value="-1"/>
        <TopLine Value="1244"/>
        <CursorPos X="3" Y="1248"/>
        <UsageCount Value="9"/>
      </Unit44>
      <Unit45>
        <Filename Value="C:/Lazarus/lazarus-trunk_fpc-3.2.0/fpc/3.2.0/source/packages/fcl-db/src/dbase/dbf_common.pas"/>
        <EditorIndex Value="-1"/>
        <TopLine Value="90"/>
        <CursorPos X="10" Y="110"/>
        <UsageCount Value="9"/>
      </Unit45>
      <Unit46>
        <Filename Value="C:/Lazarus/fpc-trunk/packages/fcl-db/src/dbase/dbf.pas"/>
        <EditorIndex Value="-1"/>
        <TopLine Value="1197"/>
        <CursorPos X="40" Y="1213"/>
        <UsageCount Value="9"/>
      </Unit46>
      <Unit47>
        <Filename Value="C:/Lazarus/fpc-trunk/rtl/win/wininc/func.inc"/>
        <EditorIndex Value="-1"/>
        <TopLine Value="943"/>
        <CursorPos X="10" Y="960"/>
        <UsageCount Value="9"/>
      </Unit47>
      <Unit48>
        <Filename Value="C:/Lazarus/fpc-trunk/packages/fcl-db/src/dbase/dbf_dbffile.pas"/>
        <EditorIndex Value="-1"/>
        <TopLine Value="3109"/>
        <CursorPos X="19" Y="3131"/>
        <UsageCount Value="9"/>
      </Unit48>
      <Unit49>
        <Filename Value="C:/Lazarus/lazarus-trunk_fpc-3.2.0/lcl/include/tabcontrol.inc"/>
        <EditorIndex Value="-1"/>
        <TopLine Value="558"/>
        <CursorPos X="3" Y="560"/>
        <UsageCount Value="10"/>
      </Unit49>
      <Unit50>
        <Filename Value="utabform.pas"/>
        <UnitName Value="uTabForm"/>
        <EditorIndex Value="-1"/>
        <CursorPos X="5" Y="14"/>
        <UsageCount Value="10"/>
      </Unit50>
    </Units>
    <JumpHistory Count="30" HistoryIndex="29">
      <Position1>
        <Filename Value="utabslist.pas"/>
        <Caret Line="137" TopLine="122"/>
      </Position1>
      <Position2>
        <Filename Value="utabslist.pas"/>
        <Caret Line="139" TopLine="122"/>
      </Position2>
      <Position3>
        <Filename Value="utabslist.pas"/>
        <Caret Line="140" TopLine="122"/>
      </Position3>
      <Position4>
        <Filename Value="utabslist.pas"/>
        <Caret Line="141" TopLine="122"/>
      </Position4>
      <Position5>
        <Filename Value="utabslist.pas"/>
        <Caret Line="142" TopLine="122"/>
      </Position5>
      <Position6>
        <Filename Value="utabslist.pas"/>
        <Caret Line="144" TopLine="122"/>
      </Position6>
      <Position7>
        <Filename Value="utabslist.pas"/>
        <Caret Line="145" TopLine="122"/>
      </Position7>
      <Position8>
        <Filename Value="utabslist.pas"/>
        <Caret Line="147" TopLine="122"/>
      </Position8>
      <Position9>
        <Filename Value="utabslist.pas"/>
        <Caret Line="149" TopLine="122"/>
      </Position9>
      <Position10>
        <Filename Value="utabslist.pas"/>
        <Caret Line="150" TopLine="122"/>
      </Position10>
      <Position11>
        <Filename Value="utabslist.pas"/>
        <Caret Line="137" TopLine="122"/>
      </Position11>
      <Position12>
        <Filename Value="utabslist.pas"/>
        <Caret Line="131" TopLine="122"/>
      </Position12>
      <Position13>
        <Filename Value="utabslist.pas"/>
        <Caret Line="158" TopLine="127"/>
      </Position13>
      <Position14>
        <Filename Value="utabslist.pas"/>
        <Caret Line="111" Column="24" TopLine="88"/>
      </Position14>
      <Position15>
        <Filename Value="utabslist.pas"/>
        <Caret Line="28" Column="15" TopLine="7"/>
      </Position15>
      <Position16>
        <Filename Value="utabslist.pas"/>
        <Caret Line="86" Column="25" TopLine="68"/>
      </Position16>
      <Position17>
        <Filename Value="utabslist.pas"/>
        <Caret Line="34" Column="15" TopLine="5"/>
      </Position17>
      <Position18>
        <Filename Value="utabslist.pas"/>
        <Caret Line="147" Column="43" TopLine="129"/>
      </Position18>
      <Position19>
        <Filename Value="utabslist.pas"/>
        <Caret Line="121" Column="18" TopLine="107"/>
      </Position19>
      <Position20>
        <Filename Value="utabslist.pas"/>
        <Caret Line="133" Column="4" TopLine="107"/>
      </Position20>
      <Position21>
        <Filename Value="utabslist.pas"/>
        <Caret Line="120" Column="43" TopLine="100"/>
      </Position21>
      <Position22>
        <Filename Value="utabslist.pas"/>
        <Caret Line="121" Column="10" TopLine="101"/>
      </Position22>
      <Position23>
        <Filename Value="utabslist.pas"/>
        <Caret Line="115" Column="5" TopLine="80"/>
      </Position23>
      <Position24>
        <Filename Value="utabslist.pas"/>
        <Caret Line="83" Column="32" TopLine="73"/>
      </Position24>
      <Position25>
        <Filename Value="utabslist.pas"/>
        <Caret Line="33" Column="26" TopLine="5"/>
      </Position25>
      <Position26>
        <Filename Value="utabslist.pas"/>
        <Caret Line="116" TopLine="103"/>
      </Position26>
      <Position27>
        <Filename Value="utabslist.pas"/>
        <Caret Line="115" TopLine="102"/>
      </Position27>
      <Position28>
        <Filename Value="umain.pas"/>
        <Caret Line="124" Column="5" TopLine="103"/>
      </Position28>
      <Position29>
        <Filename Value="umain.pas"/>
        <Caret Line="279" Column="9" TopLine="272"/>
      </Position29>
      <Position30>
        <Filename Value="umain.pas"/>
        <Caret Line="97" TopLine="97"/>
      </Position30>
    </JumpHistory>
  </ProjectOptions>
  <CompilerOptions>
    <Version Value="11"/>
    <Target>
      <Filename Value="../mydbfstudio"/>
    </Target>
    <SearchPaths>
      <IncludeFiles Value="$(ProjOutDir)"/>
      <UnitOutputDirectory Value="../ppu/$(TargetCPU)-$(TargetOS)"/>
    </SearchPaths>
    <CodeGeneration>
      <Optimizations>
        <OptimizationLevel Value="3"/>
        <VariablesInRegisters Value="True"/>
      </Optimizations>
      <SmallerCode Value="True"/>
    </CodeGeneration>
    <Linking>
      <Debugging>
        <DebugInfoType Value="dsDwarf2Set"/>
        <StripSymbols Value="True"/>
      </Debugging>
      <LinkSmart Value="True"/>
      <Options>
        <Win32>
          <GraphicApplication Value="True"/>
        </Win32>
      </Options>
    </Linking>
  </CompilerOptions>
  <Debugging>
    <Exceptions Count="3">
      <Item1>
        <Name Value="EAbort"/>
      </Item1>
      <Item2>
        <Name Value="ECodetoolError"/>
      </Item2>
      <Item3>
        <Name Value="EFOpenError"/>
      </Item3>
    </Exceptions>
  </Debugging>
</CONFIG>
