<?xml version="1.0" encoding="UTF-8"?>
<CONFIG>
  <ProjectOptions>
    <Version Value="12"/>
    <General>
      <Flags>
        <LRSInOutputDirectory Value="False"/>
        <CompatibilityMode Value="True"/>
      </Flags>
      <Title Value="MyDbfStudio"/>
      <Scaled Value="True"/>
      <ResourceType Value="res"/>
      <UseXPManifest Value="True"/>
      <XPManifest>
        <DpiAware Value="True"/>
      </XPManifest>
      <Icon Value="0"/>
      <Resources Count="1">
        <Resource_0 FileName="img\splash.png" Type="RCDATA" ResourceName="SPLASH"/>
      </Resources>
    </General>
    <VersionInfo>
      <UseVersionInfo Value="True"/>
      <MinorVersionNr Value="5"/>
      <RevisionNr Value="3"/>
      <StringTable FileDescription="Administrative tool for DBF tables." LegalCopyright="Calogiuri Enzo Antonio" ProductName="MyDbfStudio"/>
    </VersionInfo>
    <BuildModes Count="4" Active="Debug">
      <Item1 Name="default" Default="True"/>
      <Item2 Name="Debug">
        <CompilerOptions>
          <Version Value="11"/>
          <Target>
            <Filename Value="../mydbfstudio"/>
          </Target>
          <SearchPaths>
            <IncludeFiles Value="$(ProjOutDir)"/>
            <UnitOutputDirectory Value="../ppu/$(TargetCPU)-$(TargetOS)"/>
          </SearchPaths>
          <Parsing>
            <SyntaxOptions>
              <IncludeAssertionCode Value="True"/>
            </SyntaxOptions>
          </Parsing>
          <CodeGeneration>
            <Checks>
              <IOChecks Value="True"/>
              <RangeChecks Value="True"/>
              <OverflowChecks Value="True"/>
              <StackChecks Value="True"/>
            </Checks>
            <VerifyObjMethodCallValidity Value="True"/>
            <Optimizations>
              <VariablesInRegisters Value="True"/>
            </Optimizations>
            <SmallerCode Value="True"/>
          </CodeGeneration>
          <Linking>
            <Debugging>
              <DebugInfoType Value="dsDwarf2Set"/>
              <TrashVariables Value="True"/>
              <StripSymbols Value="True"/>
            </Debugging>
            <Options>
              <Win32>
                <GraphicApplication Value="True"/>
              </Win32>
            </Options>
          </Linking>
        </CompilerOptions>
      </Item2>
      <Item3 Name="Debug with HeapTrc">
        <CompilerOptions>
          <Version Value="11"/>
          <Target>
            <Filename Value="../mydbfstudio"/>
          </Target>
          <SearchPaths>
            <IncludeFiles Value="$(ProjOutDir)"/>
            <UnitOutputDirectory Value="../ppu/$(TargetCPU)-$(TargetOS)"/>
          </SearchPaths>
          <Parsing>
            <SyntaxOptions>
              <IncludeAssertionCode Value="True"/>
            </SyntaxOptions>
          </Parsing>
          <CodeGeneration>
            <Checks>
              <IOChecks Value="True"/>
              <RangeChecks Value="True"/>
              <OverflowChecks Value="True"/>
              <StackChecks Value="True"/>
            </Checks>
            <VerifyObjMethodCallValidity Value="True"/>
            <Optimizations>
              <VariablesInRegisters Value="True"/>
            </Optimizations>
            <SmallerCode Value="True"/>
          </CodeGeneration>
          <Linking>
            <Debugging>
              <DebugInfoType Value="dsDwarf2Set"/>
              <UseHeaptrc Value="True"/>
              <TrashVariables Value="True"/>
              <StripSymbols Value="True"/>
            </Debugging>
            <Options>
              <Win32>
                <GraphicApplication Value="True"/>
              </Win32>
            </Options>
          </Linking>
        </CompilerOptions>
      </Item3>
      <Item4 Name="Release">
        <CompilerOptions>
          <Version Value="11"/>
          <Target>
            <Filename Value="../bin/$(TargetCPU)-$(TargetOS)/mydbfstudio"/>
          </Target>
          <SearchPaths>
            <IncludeFiles Value="$(ProjOutDir)"/>
            <UnitOutputDirectory Value="../ppu/$(TargetCPU)-$(TargetOS)"/>
          </SearchPaths>
          <CodeGeneration>
            <SmartLinkUnit Value="True"/>
            <Optimizations>
              <OptimizationLevel Value="3"/>
              <VariablesInRegisters Value="True"/>
            </Optimizations>
            <SmallerCode Value="True"/>
          </CodeGeneration>
          <Linking>
            <Debugging>
              <GenerateDebugInfo Value="False"/>
              <DebugInfoType Value="dsDwarf2Set"/>
              <StripSymbols Value="True"/>
            </Debugging>
            <LinkSmart Value="True"/>
            <Options>
              <Win32>
                <GraphicApplication Value="True"/>
              </Win32>
            </Options>
          </Linking>
        </CompilerOptions>
      </Item4>
    </BuildModes>
    <PublishOptions>
      <Version Value="2"/>
    </PublishOptions>
    <RunParams>
      <FormatVersion Value="2"/>
    </RunParams>
    <RequiredPackages Count="3">
      <Item1>
        <PackageName Value="FCL"/>
        <MinVersion Major="1" Valid="True"/>
      </Item1>
      <Item2>
        <PackageName Value="DBFLaz"/>
        <MinVersion Minor="1" Release="1" Valid="True"/>
      </Item2>
      <Item3>
        <PackageName Value="LCL"/>
      </Item3>
    </RequiredPackages>
    <Units Count="80">
      <Unit0>
        <Filename Value="MyDbfStudio.lpr"/>
        <IsPartOfProject Value="True"/>
        <EditorIndex Value="4"/>
        <CursorPos X="45" Y="5"/>
        <UsageCount Value="201"/>
        <Loaded Value="True"/>
        <LoadedDesigner Value="True"/>
      </Unit0>
      <Unit1>
        <Filename Value="umain.pas"/>
        <IsPartOfProject Value="True"/>
        <ComponentName Value="Main"/>
        <HasResources Value="True"/>
        <ResourceBaseClass Value="Form"/>
        <UnitName Value="uMain"/>
        <EditorIndex Value="15"/>
        <TopLine Value="69"/>
        <CursorPos X="15" Y="86"/>
        <UsageCount Value="201"/>
        <Loaded Value="True"/>
        <LoadedDesigner Value="True"/>
      </Unit1>
      <Unit2>
        <Filename Value="udbftable.pas"/>
        <IsPartOfProject Value="True"/>
        <ComponentName Value="DbfTable"/>
        <HasResources Value="True"/>
        <ResourceBaseClass Value="Form"/>
        <UnitName Value="uDbfTable"/>
        <EditorIndex Value="7"/>
        <TopLine Value="638"/>
        <CursorPos X="41" Y="660"/>
        <UsageCount Value="201"/>
        <Loaded Value="True"/>
        <LoadedDesigner Value="True"/>
      </Unit2>
      <Unit3>
        <Filename Value="urestructure.pas"/>
        <IsPartOfProject Value="True"/>
        <ComponentName Value="Restructure"/>
        <HasResources Value="True"/>
        <ResourceBaseClass Value="Form"/>
        <UnitName Value="uRestructure"/>
        <EditorIndex Value="17"/>
        <TopLine Value="212"/>
        <CursorPos X="50" Y="218"/>
        <UsageCount Value="202"/>
        <Loaded Value="True"/>
        <LoadedDesigner Value="True"/>
      </Unit3>
      <Unit4>
        <Filename Value="uidxtable.pas"/>
        <IsPartOfProject Value="True"/>
        <ComponentName Value="IdxTable"/>
        <HasResources Value="True"/>
        <ResourceBaseClass Value="Form"/>
        <UnitName Value="uIdxTable"/>
        <EditorIndex Value="14"/>
        <CursorPos X="3" Y="15"/>
        <UsageCount Value="203"/>
        <Loaded Value="True"/>
        <LoadedDesigner Value="True"/>
      </Unit4>
      <Unit5>
        <Filename Value="unewtable.pas"/>
        <IsPartOfProject Value="True"/>
        <ComponentName Value="NewTable"/>
        <HasResources Value="True"/>
        <ResourceBaseClass Value="Form"/>
        <UnitName Value="uNewTable"/>
        <EditorIndex Value="16"/>
        <TopLine Value="396"/>
        <CursorPos Y="432"/>
        <UsageCount Value="202"/>
        <Loaded Value="True"/>
        <LoadedDesigner Value="True"/>
      </Unit5>
      <Unit6>
        <Filename Value="usetfv.pas"/>
        <IsPartOfProject Value="True"/>
        <ComponentName Value="SetFV"/>
        <HasResources Value="True"/>
        <ResourceBaseClass Value="Form"/>
        <UnitName Value="uSetFV"/>
        <IsVisibleTab Value="True"/>
        <EditorIndex Value="18"/>
        <TopLine Value="162"/>
        <CursorPos X="34" Y="153"/>
        <UsageCount Value="195"/>
        <Loaded Value="True"/>
        <LoadedDesigner Value="True"/>
      </Unit6>
      <Unit7>
        <Filename Value="dscsv.pas"/>
        <IsPartOfProject Value="True"/>
        <UnitName Value="DsCsv"/>
        <TopLine Value="379"/>
        <CursorPos X="29" Y="398"/>
        <UsageCount Value="200"/>
        <Loaded Value="True"/>
      </Unit7>
      <Unit8>
        <Filename Value="uexpcsv.pas"/>
        <IsPartOfProject Value="True"/>
        <ComponentName Value="ExpCSV"/>
        <HasResources Value="True"/>
        <ResourceBaseClass Value="Form"/>
        <UnitName Value="uExpCSV"/>
        <EditorIndex Value="8"/>
        <TopLine Value="152"/>
        <CursorPos X="12" Y="187"/>
        <UsageCount Value="203"/>
        <Loaded Value="True"/>
        <LoadedDesigner Value="True"/>
      </Unit8>
      <Unit9>
        <Filename Value="dsdataexport.pas"/>
        <IsPartOfProject Value="True"/>
        <UnitName Value="DsDataExport"/>
        <EditorIndex Value="1"/>
        <TopLine Value="244"/>
        <CursorPos Y="276"/>
        <UsageCount Value="200"/>
        <Loaded Value="True"/>
      </Unit9>
      <Unit10>
        <Filename Value="dshtml.pas"/>
        <IsPartOfProject Value="True"/>
        <UnitName Value="DsHtml"/>
        <EditorIndex Value="2"/>
        <CursorPos X="5" Y="12"/>
        <UsageCount Value="200"/>
        <Loaded Value="True"/>
      </Unit10>
      <Unit11>
        <Filename Value="uexphtml.pas"/>
        <IsPartOfProject Value="True"/>
        <ComponentName Value="ExpHTML"/>
        <HasResources Value="True"/>
        <ResourceBaseClass Value="Form"/>
        <UnitName Value="uExpHTML"/>
        <EditorIndex Value="10"/>
        <CursorPos X="50" Y="20"/>
        <UsageCount Value="200"/>
        <Loaded Value="True"/>
        <LoadedDesigner Value="True"/>
      </Unit11>
      <Unit12>
        <Filename Value="dsxls.pas"/>
        <IsPartOfProject Value="True"/>
        <UnitName Value="DsXls"/>
        <EditorIndex Value="3"/>
        <TopLine Value="127"/>
        <CursorPos X="3" Y="149"/>
        <UsageCount Value="143"/>
        <Loaded Value="True"/>
      </Unit12>
      <Unit13>
        <Filename Value="uexpxls.pas"/>
        <IsPartOfProject Value="True"/>
        <ComponentName Value="ExpXLS"/>
        <HasResources Value="True"/>
        <ResourceBaseClass Value="Form"/>
        <UnitName Value="uExpXLS"/>
        <EditorIndex Value="12"/>
        <CursorPos Y="4"/>
        <UsageCount Value="189"/>
        <Loaded Value="True"/>
        <LoadedDesigner Value="True"/>
      </Unit13>
      <Unit14>
        <Filename Value="uaddtables.pas"/>
        <IsPartOfProject Value="True"/>
        <ComponentName Value="AddTables"/>
        <HasResources Value="True"/>
        <ResourceBaseClass Value="Form"/>
        <UnitName Value="uAddTables"/>
        <EditorIndex Value="5"/>
        <TopLine Value="11"/>
        <CursorPos X="42" Y="108"/>
        <UsageCount Value="185"/>
        <Bookmarks Count="1">
          <Item0 X="29" Y="148" ID="1"/>
        </Bookmarks>
        <Loaded Value="True"/>
        <LoadedDesigner Value="True"/>
      </Unit14>
      <Unit15>
        <Filename Value="usubtables.pas"/>
        <IsPartOfProject Value="True"/>
        <ComponentName Value="SubTables"/>
        <HasResources Value="True"/>
        <ResourceBaseClass Value="Form"/>
        <UnitName Value="uSubTables"/>
        <EditorIndex Value="20"/>
        <TopLine Value="87"/>
        <CursorPos X="23" Y="105"/>
        <UsageCount Value="183"/>
        <Loaded Value="True"/>
        <LoadedDesigner Value="True"/>
      </Unit15>
      <Unit16>
        <Filename Value="uexpdbf.pas"/>
        <IsPartOfProject Value="True"/>
        <ComponentName Value="ExpDBF"/>
        <HasResources Value="True"/>
        <ResourceBaseClass Value="Form"/>
        <UnitName Value="uExpDBF"/>
        <EditorIndex Value="9"/>
        <CursorPos Y="4"/>
        <UsageCount Value="179"/>
        <Loaded Value="True"/>
        <LoadedDesigner Value="True"/>
      </Unit16>
      <Unit17>
        <Filename Value="usplash.pas"/>
        <IsPartOfProject Value="True"/>
        <ComponentName Value="Splash"/>
        <HasResources Value="True"/>
        <ResourceBaseClass Value="Form"/>
        <UnitName Value="uSplash"/>
        <EditorIndex Value="19"/>
        <TopLine Value="27"/>
        <CursorPos X="22" Y="33"/>
        <UsageCount Value="175"/>
        <Loaded Value="True"/>
        <LoadedDesigner Value="True"/>
      </Unit17>
      <Unit18>
        <Filename Value="uexpxml.pas"/>
        <IsPartOfProject Value="True"/>
        <ComponentName Value="ExpXML"/>
        <HasResources Value="True"/>
        <ResourceBaseClass Value="Form"/>
        <UnitName Value="uExpXML"/>
        <EditorIndex Value="13"/>
        <TopLine Value="40"/>
        <CursorPos X="24" Y="56"/>
        <UsageCount Value="171"/>
        <Loaded Value="True"/>
        <LoadedDesigner Value="True"/>
      </Unit18>
      <Unit19>
        <Filename Value="uinfo.pas"/>
        <IsPartOfProject Value="True"/>
        <ComponentName Value="Info"/>
        <HasResources Value="True"/>
        <ResourceBaseClass Value="Form"/>
        <UnitName Value="uInfo"/>
        <EditorIndex Value="-1"/>
        <TopLine Value="34"/>
        <CursorPos X="63" Y="51"/>
        <UsageCount Value="168"/>
      </Unit19>
      <Unit20>
        <Filename Value="uinfo.lfm"/>
        <TopLine Value="21"/>
        <CursorPos Y="35"/>
        <UsageCount Value="3"/>
        <DefaultSyntaxHighlighter Value="LFM"/>
      </Unit20>
      <Unit21>
        <Filename Value="uexphtml.lfm"/>
        <EditorIndex Value="-1"/>
        <CursorPos X="18" Y="319"/>
        <UsageCount Value="9"/>
        <DefaultSyntaxHighlighter Value="LFM"/>
      </Unit21>
      <Unit22>
        <Filename Value="uopenba.pas"/>
        <IsPartOfProject Value="True"/>
        <ComponentName Value="OpenBA"/>
        <HasResources Value="True"/>
        <ResourceBaseClass Value="Form"/>
        <UnitName Value="uOpenBA"/>
        <EditorIndex Value="-1"/>
        <TopLine Value="45"/>
        <CursorPos X="57" Y="67"/>
        <UsageCount Value="161"/>
      </Unit22>
      <Unit23>
        <Filename Value="uaddalias.pas"/>
        <IsPartOfProject Value="True"/>
        <ComponentName Value="AddAlias"/>
        <HasResources Value="True"/>
        <ResourceBaseClass Value="Form"/>
        <UnitName Value="uAddAlias"/>
        <EditorIndex Value="-1"/>
        <TopLine Value="88"/>
        <CursorPos X="42" Y="108"/>
        <UsageCount Value="160"/>
      </Unit23>
      <Unit24>
        <Filename Value="usorttable.pas"/>
        <IsPartOfProject Value="True"/>
        <ComponentName Value="SortTable"/>
        <HasResources Value="True"/>
        <ResourceBaseClass Value="Form"/>
        <UnitName Value="uSortTable"/>
        <EditorIndex Value="-1"/>
        <TopLine Value="97"/>
        <CursorPos Y="106"/>
        <UsageCount Value="157"/>
      </Unit24>
      <Unit25>
        <Filename Value="uexpsql.pas"/>
        <IsPartOfProject Value="True"/>
        <ComponentName Value="ExpSQL"/>
        <HasResources Value="True"/>
        <ResourceBaseClass Value="Form"/>
        <UnitName Value="uExpSQL"/>
        <EditorIndex Value="11"/>
        <TopLine Value="296"/>
        <CursorPos Y="332"/>
        <UsageCount Value="149"/>
        <Loaded Value="True"/>
        <LoadedDesigner Value="True"/>
      </Unit25>
      <Unit26>
        <Filename Value="uutils.pas"/>
        <IsPartOfProject Value="True"/>
        <UnitName Value="uUtils"/>
        <EditorIndex Value="22"/>
        <TopLine Value="7"/>
        <CursorPos X="10" Y="27"/>
        <UsageCount Value="136"/>
        <Loaded Value="True"/>
      </Unit26>
      <Unit27>
        <Filename Value="utabslist.pas"/>
        <IsPartOfProject Value="True"/>
        <ComponentName Value="TabsList"/>
        <HasResources Value="True"/>
        <ResourceBaseClass Value="Form"/>
        <UnitName Value="uTabsList"/>
        <EditorIndex Value="21"/>
        <TopLine Value="102"/>
        <CursorPos Y="115"/>
        <UsageCount Value="118"/>
        <Loaded Value="True"/>
        <LoadedDesigner Value="True"/>
      </Unit27>
      <Unit28>
        <Filename Value="uoptions.lfm"/>
        <EditorIndex Value="-1"/>
        <UsageCount Value="3"/>
        <DefaultSyntaxHighlighter Value="LFM"/>
      </Unit28>
      <Unit29>
        <Filename Value="uoptions.pas"/>
        <IsPartOfProject Value="True"/>
        <ComponentName Value="OptionsForm"/>
        <HasResources Value="True"/>
        <ResourceBaseClass Value="Form"/>
        <UnitName Value="uOptions"/>
        <EditorIndex Value="-1"/>
        <TopLine Value="16"/>
        <CursorPos X="19" Y="51"/>
        <UsageCount Value="117"/>
      </Unit29>
      <Unit30>
        <Filename Value="t_mainform - Kopie.pas"/>
        <EditorIndex Value="-1"/>
        <TopLine Value="241"/>
        <CursorPos X="10" Y="273"/>
        <UsageCount Value="8"/>
      </Unit30>
      <Unit31>
        <Filename Value="udatamodule.pas"/>
        <IsPartOfProject Value="True"/>
        <ComponentName Value="CommonData"/>
        <HasResources Value="True"/>
        <ResourceBaseClass Value="DataModule"/>
        <UnitName Value="uDatamodule"/>
        <EditorIndex Value="6"/>
        <CursorPos X="29" Y="5"/>
        <UsageCount Value="125"/>
        <Loaded Value="True"/>
        <LoadedDesigner Value="True"/>
      </Unit31>
      <Unit32>
        <Filename Value="C:/Lazarus/lazarus-trunk_fpc-3.2.0/lcl/dbctrls.pp"/>
        <UnitName Value="DBCtrls"/>
        <EditorIndex Value="-1"/>
        <TopLine Value="1290"/>
        <CursorPos X="3" Y="1310"/>
        <UsageCount Value="5"/>
      </Unit32>
      <Unit33>
        <Filename Value="C:/Lazarus/lazarus-trunk_fpc-3.2.0/lcl/lclintf.pas"/>
        <UnitName Value="LCLIntf"/>
        <EditorIndex Value="-1"/>
        <TopLine Value="49"/>
        <UsageCount Value="5"/>
      </Unit33>
      <Unit34>
        <Filename Value="C:/Lazarus/lazarus-trunk_fpc-3.2.0/lcl/include/winapih.inc"/>
        <EditorIndex Value="-1"/>
        <TopLine Value="53"/>
        <CursorPos X="18" Y="85"/>
        <UsageCount Value="5"/>
      </Unit34>
      <Unit35>
        <Filename Value="historyfiles.pas"/>
        <IsPartOfProject Value="True"/>
        <UnitName Value="HistoryFiles"/>
        <EditorIndex Value="-1"/>
        <TopLine Value="453"/>
        <CursorPos X="16" Y="468"/>
        <UsageCount Value="107"/>
      </Unit35>
      <Unit36>
        <Filename Value="C:/Lazarus/lazarus-trunk_fpc-3.2.0/lcl/comctrls.pp"/>
        <UnitName Value="ComCtrls"/>
        <EditorIndex Value="-1"/>
        <TopLine Value="2022"/>
        <CursorPos X="5" Y="2043"/>
        <UsageCount Value="5"/>
      </Unit36>
      <Unit37>
        <Filename Value="C:/Lazarus/lazarus-trunk_fpc-3.2.0/lcl/include/toolbutton.inc"/>
        <EditorIndex Value="-1"/>
        <TopLine Value="132"/>
        <CursorPos Y="140"/>
        <UsageCount Value="5"/>
      </Unit37>
      <Unit38>
        <Filename Value="C:/Lazarus/lazarus-trunk_fpc-3.2.0/lcl/menus.pp"/>
        <UnitName Value="Menus"/>
        <EditorIndex Value="-1"/>
        <TopLine Value="189"/>
        <CursorPos X="17" Y="204"/>
        <UsageCount Value="5"/>
      </Unit38>
      <Unit39>
        <Filename Value="../../Hex/source/hxsettingsdlg.pas"/>
        <UnitName Value="hxSettingsDlg"/>
        <EditorIndex Value="-1"/>
        <TopLine Value="13"/>
        <UsageCount Value="6"/>
      </Unit39>
      <Unit40>
        <Filename Value="../../Hex/source/hxglobal.pas"/>
        <UnitName Value="hxGlobal"/>
        <EditorIndex Value="-1"/>
        <TopLine Value="184"/>
        <UsageCount Value="6"/>
      </Unit40>
      <Unit41>
        <Filename Value="C:/Lazarus/lazarus-trunk_fpc-3.2.0/fpc/3.2.0/source/packages/fcl-db/src/dbase/dbf.pas"/>
        <EditorIndex Value="-1"/>
        <TopLine Value="399"/>
        <CursorPos X="19" Y="402"/>
        <UsageCount Value="8"/>
      </Unit41>
      <Unit42>
        <Filename Value="C:/Lazarus/lazarus-trunk_fpc-3.2.0/lcl/stdctrls.pp"/>
        <UnitName Value="StdCtrls"/>
        <EditorIndex Value="-1"/>
        <TopLine Value="260"/>
        <CursorPos X="3" Y="280"/>
        <UsageCount Value="6"/>
      </Unit42>
      <Unit43>
        <Filename Value="C:/Lazarus/lazarus-trunk_fpc-3.2.0/lcl/lcltype.pp"/>
        <UnitName Value="LCLType"/>
        <EditorIndex Value="-1"/>
        <TopLine Value="1132"/>
        <CursorPos X="3" Y="1152"/>
        <UsageCount Value="6"/>
      </Unit43>
      <Unit44>
        <Filename Value="C:/Lazarus/lazarus-trunk_fpc-3.2.0/fpc/3.2.0/source/packages/fcl-db/src/dbase/dbf_dbffile.pas"/>
        <EditorIndex Value="-1"/>
        <TopLine Value="1244"/>
        <CursorPos X="3" Y="1248"/>
        <UsageCount Value="6"/>
      </Unit44>
      <Unit45>
        <Filename Value="C:/Lazarus/lazarus-trunk_fpc-3.2.0/fpc/3.2.0/source/packages/fcl-db/src/dbase/dbf_common.pas"/>
        <EditorIndex Value="-1"/>
        <TopLine Value="90"/>
        <CursorPos X="10" Y="110"/>
        <UsageCount Value="6"/>
      </Unit45>
      <Unit46>
        <Filename Value="C:/Lazarus/fpc-trunk/packages/fcl-db/src/dbase/dbf.pas"/>
        <EditorIndex Value="-1"/>
        <TopLine Value="1197"/>
        <CursorPos X="40" Y="1213"/>
        <UsageCount Value="6"/>
      </Unit46>
      <Unit47>
        <Filename Value="C:/Lazarus/fpc-trunk/rtl/win/wininc/func.inc"/>
        <EditorIndex Value="-1"/>
        <TopLine Value="943"/>
        <CursorPos X="10" Y="960"/>
        <UsageCount Value="6"/>
      </Unit47>
      <Unit48>
        <Filename Value="C:/Lazarus/fpc-trunk/packages/fcl-db/src/dbase/dbf_dbffile.pas"/>
        <EditorIndex Value="-1"/>
        <TopLine Value="3109"/>
        <CursorPos X="19" Y="3131"/>
        <UsageCount Value="6"/>
      </Unit48>
      <Unit49>
        <Filename Value="C:/Lazarus/lazarus-trunk_fpc-3.2.0/lcl/include/tabcontrol.inc"/>
        <EditorIndex Value="-1"/>
        <TopLine Value="558"/>
        <CursorPos X="3" Y="560"/>
        <UsageCount Value="7"/>
      </Unit49>
      <Unit50>
        <Filename Value="utabform.pas"/>
        <UnitName Value="uTabForm"/>
        <EditorIndex Value="-1"/>
        <CursorPos X="5" Y="14"/>
        <UsageCount Value="7"/>
      </Unit50>
      <Unit51>
        <Filename Value="C:/Lazarus/lazarus-trunk_fpc-3.2.0/lcl/grids.pas"/>
        <UnitName Value="Grids"/>
        <EditorIndex Value="-1"/>
        <TopLine Value="10073"/>
        <CursorPos X="31" Y="10083"/>
        <UsageCount Value="7"/>
      </Unit51>
      <Unit52>
        <Filename Value="C:/Lazarus/lazarus-trunk_fpc-3.2.0/fpc/3.2.0/source/packages/fcl-db/src/dbase/dbf_fields.pas"/>
        <EditorIndex Value="-1"/>
        <UsageCount Value="7"/>
      </Unit52>
      <Unit53>
        <Filename Value="C:/Lazarus/lazarus-trunk_fpc-3.2.0/lcl/include/customcheckbox.inc"/>
        <EditorIndex Value="-1"/>
        <TopLine Value="112"/>
        <CursorPos Y="134"/>
        <UsageCount Value="7"/>
      </Unit53>
      <Unit54>
        <Filename Value="C:/Lazarus/lazarus-trunk_fpc-3.2.0/fpc/3.2.0/source/packages/fcl-db/src/base/db.pas"/>
        <UnitName Value="DB"/>
        <EditorIndex Value="-1"/>
        <TopLine Value="1689"/>
        <CursorPos X="15" Y="1707"/>
        <UsageCount Value="7"/>
      </Unit54>
      <Unit55>
        <Filename Value="C:/Lazarus/lazarus-trunk_fpc-3.2.0/lcl/dbgrids.pas"/>
        <UnitName Value="DBGrids"/>
        <EditorIndex Value="-1"/>
        <TopLine Value="294"/>
        <CursorPos X="15" Y="314"/>
        <UsageCount Value="7"/>
      </Unit55>
      <Unit56>
        <Filename Value="C:/Lazarus/lazarus-2.0.12_fpc-3.2.0/fpc/3.2.0/source/packages/fcl-base/src/fileinfo.pp"/>
        <UnitName Value="FileInfo"/>
        <EditorIndex Value="-1"/>
        <TopLine Value="86"/>
        <CursorPos X="10" Y="105"/>
        <UsageCount Value="7"/>
      </Unit56>
      <Unit57>
        <Filename Value="C:/Lazarus/fpc-trunk/rtl/inc/generic.inc"/>
        <EditorIndex Value="-1"/>
        <TopLine Value="866"/>
        <CursorPos Y="882"/>
        <UsageCount Value="7"/>
      </Unit57>
      <Unit58>
        <Filename Value="C:/Lazarus/lazarus-trunk_fpc-trunk/lcl/grids.pas"/>
        <UnitName Value="Grids"/>
        <EditorIndex Value="-1"/>
        <TopLine Value="11080"/>
        <CursorPos X="8" Y="11085"/>
        <UsageCount Value="7"/>
      </Unit58>
      <Unit59>
        <Filename Value="C:/Lazarus/fpc-trunk/packages/fcl-db/src/dbase/dbf_fields.pas"/>
        <EditorIndex Value="-1"/>
        <TopLine Value="508"/>
        <CursorPos X="32" Y="521"/>
        <UsageCount Value="7"/>
      </Unit59>
      <Unit60>
        <Filename Value="C:/Lazarus/fpc-trunk/packages/fcl-db/src/base/db.pas"/>
        <UnitName Value="DB"/>
        <EditorIndex Value="-1"/>
        <TopLine Value="2268"/>
        <CursorPos X="3" Y="2273"/>
        <UsageCount Value="8"/>
      </Unit60>
      <Unit61>
        <Filename Value="C:/Lazarus/fpc-trunk/rtl/objpas/typinfo.pp"/>
        <UnitName Value="TypInfo"/>
        <EditorIndex Value="-1"/>
        <TopLine Value="148"/>
        <CursorPos X="35" Y="166"/>
        <UsageCount Value="8"/>
      </Unit61>
      <Unit62>
        <Filename Value="C:/Lazarus/lazarus-trunk_fpc-3.2.0/fpc/3.2.0/source/packages/fcl-base/src/fileinfo.pp"/>
        <UnitName Value="FileInfo"/>
        <EditorIndex Value="-1"/>
        <TopLine Value="90"/>
        <CursorPos X="10" Y="110"/>
        <UsageCount Value="7"/>
      </Unit62>
      <Unit63>
        <Filename Value="C:/Lazarus/lazarus-trunk_fpc-3.2.0/lcl/include/dbmemo.inc"/>
        <EditorIndex Value="-1"/>
        <TopLine Value="228"/>
        <CursorPos X="17" Y="241"/>
        <UsageCount Value="13"/>
      </Unit63>
      <Unit64>
        <Filename Value="C:/Lazarus/lazarus-trunk_fpc-3.2.0/lcl/include/fpimagebitmap.inc"/>
        <EditorIndex Value="-1"/>
        <TopLine Value="121"/>
        <CursorPos X="30" Y="137"/>
        <UsageCount Value="13"/>
      </Unit64>
      <Unit65>
        <Filename Value="C:/Lazarus/lazarus-trunk_fpc-3.2.0/lcl/graphics.pp"/>
        <UnitName Value="Graphics"/>
        <EditorIndex Value="-1"/>
        <TopLine Value="864"/>
        <CursorPos X="13" Y="842"/>
        <UsageCount Value="10"/>
      </Unit65>
      <Unit66>
        <Filename Value="C:/Lazarus/lazarus-trunk_fpc-3.2.0/lcl/include/custombitmap.inc"/>
        <EditorIndex Value="-1"/>
        <TopLine Value="60"/>
        <CursorPos X="3" Y="62"/>
        <UsageCount Value="10"/>
      </Unit66>
      <Unit67>
        <Filename Value="C:/Lazarus/lazarus-trunk_fpc-3.2.0/lcl/clipbrd.pp"/>
        <UnitName Value="Clipbrd"/>
        <EditorIndex Value="-1"/>
        <TopLine Value="197"/>
        <CursorPos X="14" Y="217"/>
        <UsageCount Value="9"/>
      </Unit67>
      <Unit68>
        <Filename Value="C:/Lazarus/lazarus-trunk_fpc-3.2.0/lcl/include/clipbrd.inc"/>
        <EditorIndex Value="-1"/>
        <TopLine Value="457"/>
        <CursorPos X="3" Y="462"/>
        <UsageCount Value="9"/>
      </Unit68>
      <Unit69>
        <Filename Value="C:/Lazarus/lazarus-2.0.12_fpc-3.2.0/lcl/include/fpimagebitmap.inc"/>
        <EditorIndex Value="-1"/>
        <TopLine Value="123"/>
        <CursorPos X="53" Y="137"/>
        <UsageCount Value="8"/>
      </Unit69>
      <Unit70>
        <Filename Value="C:/Lazarus/lazarus-trunk_fpc-3.2.0/lcl/include/picture.inc"/>
        <EditorIndex Value="-1"/>
        <TopLine Value="575"/>
        <CursorPos X="17" Y="586"/>
        <UsageCount Value="8"/>
      </Unit70>
      <Unit71>
        <Filename Value="C:/Lazarus/lazarus-trunk_fpc-3.2.0/fpc/3.2.0/source/packages/fcl-db/src/dbase/dbf_str.pas"/>
        <EditorIndex Value="-1"/>
        <UsageCount Value="8"/>
      </Unit71>
      <Unit72>
        <Filename Value="C:/Lazarus/lazarus-trunk_fpc-3.2.0/fpc/3.2.0/source/packages/fcl-db/src/dbase/dbf_avl.pas"/>
        <EditorIndex Value="-1"/>
        <TopLine Value="25"/>
        <UsageCount Value="8"/>
      </Unit72>
      <Unit73>
        <Filename Value="uexpcsv.lfm"/>
        <EditorIndex Value="-1"/>
        <TopLine Value="227"/>
        <UsageCount Value="9"/>
        <DefaultSyntaxHighlighter Value="LFM"/>
      </Unit73>
      <Unit74>
        <Filename Value="uexpdbf.lfm"/>
        <EditorIndex Value="-1"/>
        <UsageCount Value="10"/>
        <DefaultSyntaxHighlighter Value="LFM"/>
      </Unit74>
      <Unit75>
        <Filename Value="uaddtables.lfm"/>
        <EditorIndex Value="-1"/>
        <TopLine Value="169"/>
        <UsageCount Value="10"/>
        <DefaultSyntaxHighlighter Value="LFM"/>
      </Unit75>
      <Unit76>
        <Filename Value="udbftable.lfm"/>
        <EditorIndex Value="-1"/>
        <TopLine Value="378"/>
        <CursorPos X="32" Y="385"/>
        <UsageCount Value="10"/>
        <DefaultSyntaxHighlighter Value="LFM"/>
      </Unit76>
      <Unit77>
        <Filename Value="usubtables.lfm"/>
        <EditorIndex Value="-1"/>
        <TopLine Value="166"/>
        <UsageCount Value="10"/>
        <DefaultSyntaxHighlighter Value="LFM"/>
      </Unit77>
      <Unit78>
        <Filename Value="usetfv.lfm"/>
        <EditorIndex Value="-1"/>
        <TopLine Value="267"/>
        <UsageCount Value="10"/>
        <DefaultSyntaxHighlighter Value="LFM"/>
      </Unit78>
      <Unit79>
        <Filename Value="C:/Lazarus/lazarus-trunk_fpc-3.2.0/lcl/include/control.inc"/>
        <EditorIndex Value="23"/>
        <TopLine Value="3593"/>
        <CursorPos Y="3612"/>
        <UsageCount Value="10"/>
        <Loaded Value="True"/>
      </Unit79>
    </Units>
    <JumpHistory Count="30" HistoryIndex="29">
      <Position1>
        <Filename Value="usetfv.pas"/>
        <Caret Line="190" Column="40" TopLine="158"/>
      </Position1>
      <Position2>
        <Filename Value="usetfv.pas"/>
        <Caret Line="193" Column="18" TopLine="161"/>
      </Position2>
      <Position3>
        <Filename Value="usetfv.pas"/>
        <Caret Line="196" Column="34" TopLine="172"/>
      </Position3>
      <Position4>
        <Filename Value="usetfv.pas"/>
        <Caret Line="33" Column="22" TopLine="10"/>
      </Position4>
      <Position5>
        <Filename Value="usetfv.pas"/>
        <Caret Line="47" TopLine="45"/>
      </Position5>
      <Position6>
        <Filename Value="usetfv.pas"/>
        <Caret Line="46" TopLine="44"/>
      </Position6>
      <Position7>
        <Filename Value="usetfv.pas"/>
        <Caret Line="180" Column="2" TopLine="118"/>
      </Position7>
      <Position8>
        <Filename Value="usetfv.pas"/>
        <Caret Line="109" Column="14" TopLine="90"/>
      </Position8>
      <Position9>
        <Filename Value="usetfv.pas"/>
        <Caret Line="55" Column="7" TopLine="18"/>
      </Position9>
      <Position10>
        <Filename Value="usetfv.pas"/>
        <Caret Line="162" Column="11" TopLine="142"/>
      </Position10>
      <Position11>
        <Filename Value="udbftable.pas"/>
        <Caret Line="317" Column="17" TopLine="298"/>
      </Position11>
      <Position12>
        <Filename Value="usetfv.pas"/>
        <Caret Line="37" Column="24" TopLine="17"/>
      </Position12>
      <Position13>
        <Filename Value="udbftable.pas"/>
        <Caret Line="314" Column="16" TopLine="298"/>
      </Position13>
      <Position14>
        <Filename Value="udbftable.pas"/>
        <Caret Line="660" Column="41" TopLine="638"/>
      </Position14>
      <Position15>
        <Filename Value="usetfv.pas"/>
        <Caret Line="155" TopLine="141"/>
      </Position15>
      <Position16>
        <Filename Value="usetfv.pas"/>
        <Caret Line="157" TopLine="141"/>
      </Position16>
      <Position17>
        <Filename Value="usetfv.pas"/>
        <Caret Line="158" TopLine="141"/>
      </Position17>
      <Position18>
        <Filename Value="usetfv.pas"/>
        <Caret Line="159" TopLine="141"/>
      </Position18>
      <Position19>
        <Filename Value="C:/Lazarus/lazarus-trunk_fpc-3.2.0/lcl/include/control.inc"/>
        <Caret Line="3591" TopLine="3571"/>
      </Position19>
      <Position20>
        <Filename Value="C:/Lazarus/lazarus-trunk_fpc-3.2.0/lcl/include/control.inc"/>
        <Caret Line="3594" TopLine="3571"/>
      </Position20>
      <Position21>
        <Filename Value="C:/Lazarus/lazarus-trunk_fpc-3.2.0/lcl/include/control.inc"/>
        <Caret Line="3595" TopLine="3571"/>
      </Position21>
      <Position22>
        <Filename Value="C:/Lazarus/lazarus-trunk_fpc-3.2.0/lcl/include/control.inc"/>
        <Caret Line="3596" TopLine="3571"/>
      </Position22>
      <Position23>
        <Filename Value="C:/Lazarus/lazarus-trunk_fpc-3.2.0/lcl/include/control.inc"/>
        <Caret Line="3591" TopLine="3571"/>
      </Position23>
      <Position24>
        <Filename Value="C:/Lazarus/lazarus-trunk_fpc-3.2.0/lcl/include/control.inc"/>
        <Caret Line="3612" TopLine="3593"/>
      </Position24>
      <Position25>
        <Filename Value="usetfv.pas"/>
        <Caret Line="160" TopLine="141"/>
      </Position25>
      <Position26>
        <Filename Value="usetfv.pas"/>
        <Caret Line="157" TopLine="141"/>
      </Position26>
      <Position27>
        <Filename Value="usetfv.pas"/>
        <Caret Line="188" TopLine="163"/>
      </Position27>
      <Position28>
        <Filename Value="usetfv.pas"/>
        <Caret Line="153" TopLine="134"/>
      </Position28>
      <Position29>
        <Filename Value="usetfv.pas"/>
        <Caret Line="155" TopLine="134"/>
      </Position29>
      <Position30>
        <Filename Value="usetfv.pas"/>
        <Caret Line="157" TopLine="134"/>
      </Position30>
    </JumpHistory>
  </ProjectOptions>
  <CompilerOptions>
    <Version Value="11"/>
    <Target>
      <Filename Value="../mydbfstudio"/>
    </Target>
    <SearchPaths>
      <IncludeFiles Value="$(ProjOutDir)"/>
      <UnitOutputDirectory Value="../ppu/$(TargetCPU)-$(TargetOS)"/>
    </SearchPaths>
    <CodeGeneration>
      <Optimizations>
        <OptimizationLevel Value="3"/>
        <VariablesInRegisters Value="True"/>
      </Optimizations>
      <SmallerCode Value="True"/>
    </CodeGeneration>
    <Linking>
      <Debugging>
        <DebugInfoType Value="dsDwarf2Set"/>
        <StripSymbols Value="True"/>
      </Debugging>
      <LinkSmart Value="True"/>
      <Options>
        <Win32>
          <GraphicApplication Value="True"/>
        </Win32>
      </Options>
    </Linking>
  </CompilerOptions>
  <Debugging>
    <Watches Count="1">
      <Item1>
        <Expression Value="expobj.fdetail"/>
      </Item1>
    </Watches>
    <Exceptions Count="3">
      <Item1>
        <Name Value="EAbort"/>
      </Item1>
      <Item2>
        <Name Value="ECodetoolError"/>
      </Item2>
      <Item3>
        <Name Value="EFOpenError"/>
      </Item3>
    </Exceptions>
  </Debugging>
</CONFIG>
